// !$*UTF8*$!
{
	archiveVersion = 1;
	classes = {
	};
	objectVersion = 56;
	objects = {

/* Begin PBXBuildFile section */
		A1B2C3D4E5F6A1B2C3D4E5F6 /* main.swift in Sources */ = {isa = PBXBuildFile; fileRef = A1B2C3D4E5F6A1B2C3D4E501; };
		A1B2C3D4E5F6A1B2C3D4E5F7 /* AppDelegate.swift in Sources */ = {isa = PBXBuildFile; fileRef = A1B2C3D4E5F6A1B2C3D4E502; };
		A1B2C3D4E5F6A1B2C3D4E506 /* PermissionListView.swift in Sources */ = {isa = PBXBuildFile; fileRef = A1B2C3D4E5F6A1B2C3D4E522; };
		A1B2C3D4E5F6A1B2C3D4E517 /* Permission.swift in Sources */ = {isa = PBXBuildFile; fileRef = A1B2C3D4E5F6A1B2C3D4E518; };
		A1B2C3D4E5F6A1B2C3D4E519 /* PermissionIO.swift in Sources */ = {isa = PBXBuildFile; fileRef = A1B2C3D4E5F6A1B2C3D4E520; };
		A1B2C3D4E5F6A1B2C3D4E523 /* CardView.swift in Sources */ = {isa = PBXBuildFile; fileRef = A1B2C3D4E5F6A1B2C3D4E524; };
		A1B2C3D4E5F6A1B2C3D4E505 /* Assets.xcassets in Resources */ = {isa = PBXBuildFile; fileRef = A1B2C3D4E5F6A1B2C3D4E504; };
/* End PBXBuildFile section */

/* Begin PBXFileReference section */
		A1B2C3D4E5F6A1B2C3D4E5F8 /* TalkFlow.app */ = {isa = PBXFileReference; explicitFileType = wrapper.application; includeInIndex = 0; path = TalkFlow.app; sourceTree = BUILT_PRODUCTS_DIR; };
		A1B2C3D4E5F6A1B2C3D4E501 /* main.swift */ = {isa = PBXFileReference; lastKnownFileType = sourcecode.swift; path = main.swift; sourceTree = "<group>"; };
		A1B2C3D4E5F6A1B2C3D4E502 /* AppDelegate.swift */ = {isa = PBXFileReference; lastKnownFileType = sourcecode.swift; path = AppDelegate.swift; sourceTree = "<group>"; };
		A1B2C3D4E5F6A1B2C3D4E503 /* Info.plist */ = {isa = PBXFileReference; lastKnownFileType = text.plist.xml; path = Info.plist; sourceTree = "<group>"; };
		A1B2C3D4E5F6A1B2C3D4E504 /* Assets.xcassets */ = {isa = PBXFileReference; lastKnownFileType = folder.assetcatalog; path = Assets.xcassets; sourceTree = "<group>"; };
		A1B2C3D4E5F6A1B2C3D4E522 /* PermissionListView.swift */ = {isa = PBXFileReference; lastKnownFileType = sourcecode.swift; path = PermissionListView.swift; sourceTree = "<group>"; };
		A1B2C3D4E5F6A1B2C3D4E518 /* Permission.swift */ = {isa = PBXFileReference; lastKnownFileType = sourcecode.swift; path = Permission.swift; sourceTree = "<group>"; };
		A1B2C3D4E5F6A1B2C3D4E520 /* PermissionIO.swift */ = {isa = PBXFileReference; lastKnownFileType = sourcecode.swift; path = PermissionIO.swift; sourceTree = "<group>"; };
		A1B2C3D4E5F6A1B2C3D4E524 /* CardView.swift */ = {isa = PBXFileReference; lastKnownFileType = sourcecode.swift; path = CardView.swift; sourceTree = "<group>"; };
/* End PBXFileReference section */

/* Begin PBXGroup section */
		A1B2C3D4E5F6A1B2C3D4E500 /* TalkFlow */ = {
			isa = PBXGroup;
			children = (
				A1B2C3D4E5F6A1B2C3D4E501 /* main.swift */,
				A1B2C3D4E5F6A1B2C3D4E502 /* AppDelegate.swift */,
				A1B2C3D4E5F6A1B2C3D4E516 /* IO */,
				A1B2C3D4E5F6A1B2C3D4E512 /* Utils */,
				A1B2C3D4E5F6A1B2C3D4E508 /* Views */,
				A1B2C3D4E5F6A1B2C3D4E504 /* Assets.xcassets */,
				A1B2C3D4E5F6A1B2C3D4E503 /* Info.plist */,
			);
			path = TalkFlow;
			sourceTree = "<group>";
		};
		A1B2C3D4E5F6A1B2C3D4E516 /* IO */ = {
			isa = PBXGroup;
			children = (
				A1B2C3D4E5F6A1B2C3D4E520 /* PermissionIO.swift */,
			);
			path = IO;
			sourceTree = "<group>";
		};
		A1B2C3D4E5F6A1B2C3D4E512 /* Utils */ = {
			isa = PBXGroup;
			children = (
				A1B2C3D4E5F6A1B2C3D4E518 /* Permission.swift */,
			);
			path = Utils;
			sourceTree = "<group>";
		};
		A1B2C3D4E5F6A1B2C3D4E508 /* Views */ = {
			isa = PBXGroup;
			children = (
				A1B2C3D4E5F6A1B2C3D4E524 /* CardView.swift */,
				A1B2C3D4E5F6A1B2C3D4E522 /* PermissionListView.swift */,
			);
			path = Views;
			sourceTree = "<group>";
		};
		A1B2C3D4E5F6A1B2C3D4E509 /* = */ = {
			isa = PBXGroup;
			children = (
				A1B2C3D4E5F6A1B2C3D4E500 /* TalkFlow */,
				A1B2C3D4E5F6A1B2C3D4E510 /* Products */,
			);
			sourceTree = "<group>";
		};
		A1B2C3D4E5F6A1B2C3D4E510 /* Products */ = {
			isa = PBXGroup;
			children = (
				A1B2C3D4E5F6A1B2C3D4E5F8 /* TalkFlow.app */,
			);
			name = Products;
			sourceTree = "<group>";
		};
/* End PBXGroup section */

/* Begin PBXNativeTarget section */
		A1B2C3D4E5F6A1B2C3D4E5F9 /* TalkFlow */ = {
			isa = PBXNativeTarget;
			buildConfigurationList = A1B2C3D4E5F6A1B2C3D4E600 /* Build configuration list for PBXNativeTarget "TalkFlow" */;
			buildPhases = (
				A1B2C3D4E5F6A1B2C3D4E601 /* Sources */,
				A1B2C3D4E5F6A1B2C3D4E602 /* Resources */,
			);
			buildRules = (
			);
			dependencies = (
			);
			name = TalkFlow;
			productName = TalkFlow;
			productReference = A1B2C3D4E5F6A1B2C3D4E5F8 /* TalkFlow.app */;
			productType = "com.apple.product-type.application";
		};
/* End PBXNativeTarget section */

/* Begin PBXProject section */
		A1B2C3D4E5F6A1B2C3D4E699 /* Project object */ = {
			isa = PBXProject;
			attributes = {
				BuildIndependentTargetsInParallel = 1;
				LastSwiftUpdateCheck = 1600;
				LastUpgradeCheck = 1600;
			};
			buildConfigurationList = A1B2C3D4E5F6A1B2C3D4E700 /* Build configuration list for PBXProject "TalkFlow" */;
			compatibilityVersion = "Xcode 14.0";
			developmentRegion = en;
			hasScannedForEncodings = 0;
			knownRegions = (
				en,
				Base,
			);
			mainGroup = A1B2C3D4E5F6A1B2C3D4E509 /* = */;
			productRefGroup = A1B2C3D4E5F6A1B2C3D4E510 /* Products */;
			projectDirPath = "";
			projectRoot = "";
			targets = (
				A1B2C3D4E5F6A1B2C3D4E5F9 /* TalkFlow */,
			);
		};
/* End PBXProject section */

/* Begin PBXSourcesBuildPhase section */
		A1B2C3D4E5F6A1B2C3D4E601 /* Sources */ = {
			isa = PBXSourcesBuildPhase;
			buildActionMask = 2147483647;
			files = (
				A1B2C3D4E5F6A1B2C3D4E5F6 /* main.swift in Sources */,
				A1B2C3D4E5F6A1B2C3D4E5F7 /* AppDelegate.swift in Sources */,
				A1B2C3D4E5F6A1B2C3D4E506 /* PermissionListView.swift in Sources */,
				A1B2C3D4E5F6A1B2C3D4E517 /* Permission.swift in Sources */,
				A1B2C3D4E5F6A1B2C3D4E519 /* PermissionIO.swift in Sources */,
				A1B2C3D4E5F6A1B2C3D4E523 /* CardView.swift in Sources */,
			);
			runOnlyForDeploymentPostprocessing = 0;
		};
/* End PBXSourcesBuildPhase section */

/* Begin PBXResourcesBuildPhase section */
		A1B2C3D4E5F6A1B2C3D4E602 /* Resources */ = {
			isa = PBXResourcesBuildPhase;
			buildActionMask = 2147483647;
			files = (
				A1B2C3D4E5F6A1B2C3D4E505 /* Assets.xcassets in Resources */,
			);
			runOnlyForDeploymentPostprocessing = 0;
		};
/* End PBXResourcesBuildPhase section */

/* Begin XCBuildConfiguration section */
		A1B2C3D4E5F6A1B2C3D4E701 /* Debug */ = {
			isa = XCBuildConfiguration;
			buildSettings = {
				ALWAYS_SEARCH_USER_PATHS = NO;
				CLANG_ANALYZER_NONNULL = YES;
				CLANG_CXX_LANGUAGE_STANDARD = "gnu++20";
				CLANG_ENABLE_MODULES = YES;
				CLANG_ENABLE_OBJC_ARC = YES;
				COPY_PHASE_STRIP = NO;
				DEBUG_INFORMATION_FORMAT = dwarf;
				ENABLE_STRICT_OBJC_MSGSEND = YES;
				ENABLE_TESTABILITY = YES;
				GCC_DYNAMIC_NO_PIC = NO;
				GCC_OPTIMIZATION_LEVEL = 0;
				GCC_PREPROCESSOR_DEFINITIONS = (
					"DEBUG=1",
					"$(inherited)",
				);
				MACOSX_DEPLOYMENT_TARGET = 14.0;
				MTL_ENABLE_DEBUG_INFO = INCLUDE_SOURCE;
				ONLY_ACTIVE_ARCH = YES;
				SDKROOT = macosx;
				SWIFT_ACTIVE_COMPILATION_CONDITIONS = DEBUG;
				SWIFT_OPTIMIZATION_LEVEL = "-Onone";
			};
			name = Debug;
		};
		A1B2C3D4E5F6A1B2C3D4E702 /* Release */ = {
			isa = XCBuildConfiguration;
			buildSettings = {
				ALWAYS_SEARCH_USER_PATHS = NO;
				CLANG_ANALYZER_NONNULL = YES;
				CLANG_CXX_LANGUAGE_STANDARD = "gnu++20";
				CLANG_ENABLE_MODULES = YES;
				CLANG_ENABLE_OBJC_ARC = YES;
				COPY_PHASE_STRIP = NO;
				DEBUG_INFORMATION_FORMAT = "dwarf-with-dsym";
				ENABLE_NS_ASSERTIONS = NO;
				ENABLE_STRICT_OBJC_MSGSEND = YES;
				GCC_OPTIMIZATION_LEVEL = s;
				MACOSX_DEPLOYMENT_TARGET = 14.0;
				MTL_ENABLE_DEBUG_INFO = NO;
				SDKROOT = macosx;
				SWIFT_COMPILATION_MODE = wholemodule;
				SWIFT_OPTIMIZATION_LEVEL = "-O";
			};
			name = Release;
		};
		A1B2C3D4E5F6A1B2C3D4E703 /* Debug */ = {
			isa = XCBuildConfiguration;
			buildSettings = {
				ASSETCATALOG_COMPILER_APPICON_NAME = AppIcon;
				CODE_SIGN_STYLE = Automatic;
				COMBINE_HIDPI_IMAGES = YES;
				CURRENT_PROJECT_VERSION = 1;
				ENABLE_HARDENED_RUNTIME = YES;
				GENERATE_INFOPLIST_FILE = YES;
				INFOPLIST_FILE = TalkFlow/Info.plist;
				INFOPLIST_KEY_NSHumanReadableCopyright = "";
				LD_RUNPATH_SEARCH_PATHS = (
					"$(inherited)",
					"@executable_path/../Frameworks",
				);
				MARKETING_VERSION = 1.0;
				PRODUCT_BUNDLE_IDENTIFIER = com.talkflow.app;
				PRODUCT_NAME = TalkFlow;
				SWIFT_EMIT_LOC_STRINGS = YES;
				SWIFT_VERSION = 5.0;
			};
			name = Debug;
		};
		A1B2C3D4E5F6A1B2C3D4E704 /* Release */ = {
			isa = XCBuildConfiguration;
			buildSettings = {
				ASSETCATALOG_COMPILER_APPICON_NAME = AppIcon;
				CODE_SIGN_STYLE = Automatic;
				COMBINE_HIDPI_IMAGES = YES;
				CURRENT_PROJECT_VERSION = 1;
				ENABLE_HARDENED_RUNTIME = YES;
				GENERATE_INFOPLIST_FILE = YES;
				INFOPLIST_FILE = TalkFlow/Info.plist;
				INFOPLIST_KEY_NSHumanReadableCopyright = "";
				LD_RUNPATH_SEARCH_PATHS = (
					"$(inherited)",
					"@executable_path/../Frameworks",
				);
				MARKETING_VERSION = 1.0;
				PRODUCT_BUNDLE_IDENTIFIER = com.talkflow.app;
				PRODUCT_NAME = TalkFlow;
				SWIFT_EMIT_LOC_STRINGS = YES;
				SWIFT_VERSION = 5.0;
			};
			name = Release;
		};
/* End XCBuildConfiguration section */

/* Begin XCConfigurationList section */
		A1B2C3D4E5F6A1B2C3D4E600 /* Build configuration list for PBXNativeTarget "TalkFlow" */ = {
			isa = XCConfigurationList;
			buildConfigurations = (
				A1B2C3D4E5F6A1B2C3D4E703 /* Debug */,
				A1B2C3D4E5F6A1B2C3D4E704 /* Release */,
			);
			defaultConfigurationIsVisible = 0;
			defaultConfigurationName = Release;
		};
		A1B2C3D4E5F6A1B2C3D4E700 /* Build configuration list for PBXProject "TalkFlow" */ = {
			isa = XCConfigurationList;
			buildConfigurations = (
				A1B2C3D4E5F6A1B2C3D4E701 /* Debug */,
				A1B2C3D4E5F6A1B2C3D4E702 /* Release */,
			);
			defaultConfigurationIsVisible = 0;
			defaultConfigurationName = Release;
		};
/* End XCConfigurationList section */
	};
	rootObject = A1B2C3D4E5F6A1B2C3D4E699 /* Project object */;
}
