<?xml version="1.0" encoding="UTF-8"?>
<!DOCTYPE plist PUBLIC "-//Apple//DTD PLIST 1.0//EN" "http://www.apple.com/DTDs/PropertyList-1.0.dtd">
<plist version="1.0">
<dict>
	<key>archiveVersion</key>
	<string>1</string>
	<key>classes</key>
	<dict/>
	<key>objectVersion</key>
	<string>56</string>
	<key>objects</key>
	<dict>
		<key>0095EF642EC44E3E8966CE3A</key>
		<dict>
			<key>fileRef</key>
			<string>870EC224593C48C4B9C9B401</string>
			<key>isa</key>
			<string>PBXBuildFile</string>
		</dict>
		<key>01CB6CED2AC347BBA29664CE</key>
		<dict>
			<key>isa</key>
			<string>PBXFileReference</string>
			<key>lastKnownFileType</key>
			<string>sourcecode.swift</string>
			<key>path</key>
			<string>JWTTokenProvider.swift</string>
			<key>sourceTree</key>
			<string>&lt;group&gt;</string>
		</dict>
		<key>035452780DE940D999EC7F8D</key>
		<dict>
			<key>fileRef</key>
			<string>3F6C27EA17A843428468EA72</string>
			<key>isa</key>
			<string>PBXBuildFile</string>
		</dict>
		<key>049E91C7862A46A9BD892FDC</key>
		<dict>
			<key>isa</key>
			<string>PBXTargetDependency</string>
			<key>target</key>
			<string>A1B2C3D4E5F6A1B2C3D4E5F9</string>
			<key>targetProxy</key>
			<string>D1691A87231643209B7ED058</string>
		</dict>
		<key>0506E5C8520849749A320F07</key>
		<dict>
			<key>isa</key>
			<string>PBXFileReference</string>
			<key>lastKnownFileType</key>
			<string>sourcecode.swift</string>
			<key>path</key>
			<string>FbankExtractor.swift</string>
			<key>sourceTree</key>
			<string>&lt;group&gt;</string>
		</dict>
		<key>054395ED9CA04554A29B3E9A</key>
		<dict>
			<key>fileRef</key>
			<string>5052B690BA844E1DAF3260F0</string>
			<key>isa</key>
			<string>PBXBuildFile</string>
		</dict>
		<key>07B16567D7044B9E905F50E9</key>
		<dict>
			<key>fileRef</key>
			<string>55D86B63D0BE4ABBB56FF8F7</string>
			<key>isa</key>
			<string>PBXBuildFile</string>
		</dict>
		<key>0A5B600B6CB94C3392447623</key>
		<dict>
			<key>fileRef</key>
			<string>C0137C57F16D4472B3E4683F</string>
			<key>isa</key>
			<string>PBXBuildFile</string>
		</dict>
		<key>12F9FE998EB2444CB19958F4</key>
		<dict>
			<key>isa</key>
			<string>PBXFileReference</string>
			<key>lastKnownFileType</key>
			<string>sourcecode.swift</string>
			<key>path</key>
			<string>AppConfigIO.swift</string>
			<key>sourceTree</key>
			<string>&lt;group&gt;</string>
		</dict>
		<key>137117EBDE004092B2676C06</key>
		<dict>
			<key>isa</key>
			<string>PBXFileReference</string>
			<key>lastKnownFileType</key>
			<string>sourcecode.swift</string>
			<key>path</key>
			<string>ServiceAccountIO.swift</string>
			<key>sourceTree</key>
			<string>&lt;group&gt;</string>
		</dict>
		<key>19C2DADB86AE4A71955DAAF8</key>
		<dict>
			<key>isa</key>
			<string>PBXFileReference</string>
			<key>lastKnownFileType</key>
			<string>sourcecode.swift</string>
			<key>path</key>
			<string>SenseVoiceEngineIO.swift</string>
			<key>sourceTree</key>
			<string>&lt;group&gt;</string>
		</dict>
		<key>1D92190071AD432AAFF9F6EB</key>
		<dict>
			<key>fileRef</key>
			<string>C3E883F3253B4CF498F09BCF</string>
			<key>isa</key>
			<string>PBXBuildFile</string>
		</dict>
		<key>1FF49FD06D46401ABB096D46</key>
		<dict>
			<key>fileRef</key>
			<string>B56D6DC7D2E94D8B94D42567</string>
			<key>isa</key>
			<string>PBXBuildFile</string>
		</dict>
		<key>2047A542841C4FD6A08BBEE4</key>
		<dict>
			<key>buildActionMask</key>
			<string>2147483647</string>
			<key>files</key>
			<array>
				<string>A980ADF0FC2F486493EDA770</string>
				<string>C1B2C3D4E5F6A1B2C3D4E705</string>
				<string>389214641CFD45F191E045CB</string>
				<string>C1B2C3D4E5F6A1B2C3D4E703</string>
				<string>035452780DE940D999EC7F8D</string>
				<string>524D73189BD14892AA939FF2</string>
				<string>96F8A6ADCBC14712B92C76F4</string>
				<string>054395ED9CA04554A29B3E9A</string>
				<string>1D92190071AD432AAFF9F6EB</string>
				<string>B90FFCA35BB349DAB6B4B4CD</string>
				<string>3BCFF370E3AF460A9012F153</string>
				<string>E8789C1ECE5544F4B9DBFD54</string>
				<string>E9689FBD422D41A78BF0469F</string>
				<string>456325FA75774BA2912F6608</string>
				<string>07B16567D7044B9E905F50E9</string>
				<string>3FC856034ADE4ABA831CE337</string>
				<string>53A635FBD9734986BB0E7114</string>
				<string>30DACB75494749B39A8F7DA0</string>
				<string>ACA13395D123462E891F2FCA</string>
				<string>0095EF642EC44E3E8966CE3A</string>
			</array>
			<key>isa</key>
			<string>PBXSourcesBuildPhase</string>
			<key>runOnlyForDeploymentPostprocessing</key>
			<string>0</string>
		</dict>
		<key>27D8459A7081442B83B1DEDC</key>
		<dict>
			<key>buildSettings</key>
			<dict>
				<key>BUNDLE_LOADER</key>
				<string>$(TEST_HOST)</string>
				<key>CODE_SIGN_STYLE</key>
				<string>Automatic</string>
				<key>CURRENT_PROJECT_VERSION</key>
				<string>1</string>
				<key>GENERATE_INFOPLIST_FILE</key>
				<string>YES</string>
				<key>MACOSX_DEPLOYMENT_TARGET</key>
				<string>14.0</string>
				<key>PRODUCT_BUNDLE_IDENTIFIER</key>
				<string>com.talkflow.tests</string>
				<key>PRODUCT_NAME</key>
				<string>TalkFlowTests</string>
				<key>SWIFT_VERSION</key>
				<string>5.0</string>
				<key>TEST_HOST</key>
				<string>$(BUILT_PRODUCTS_DIR)/TalkFlow.app/Contents/MacOS/TalkFlow</string>
			</dict>
			<key>isa</key>
			<string>XCBuildConfiguration</string>
			<key>name</key>
			<string>Release</string>
		</dict>
		<key>2940A40AFEC145EDB7226075</key>
		<dict>
			<key>fileRef</key>
			<string>94B195A90DE948FEA4129B56</string>
			<key>isa</key>
			<string>PBXBuildFile</string>
		</dict>
		<key>2C7E613C62F44186867C6AF6</key>
		<dict>
			<key>isa</key>
			<string>PBXFileReference</string>
			<key>lastKnownFileType</key>
			<string>sourcecode.swift</string>
			<key>path</key>
			<string>ChatMessage.swift</string>
			<key>sourceTree</key>
			<string>&lt;group&gt;</string>
		</dict>
		<key>30C718724D2840629FB5F2E6</key>
		<dict>
			<key>isa</key>
			<string>PBXFileReference</string>
			<key>lastKnownFileType</key>
			<string>sourcecode.swift</string>
			<key>path</key>
			<string>RefreshTokenProviderIO.swift</string>
			<key>sourceTree</key>
			<string>&lt;group&gt;</string>
		</dict>
		<key>30DACB75494749B39A8F7DA0</key>
		<dict>
			<key>fileRef</key>
			<string>A385F2D487694A21A6956075</string>
			<key>isa</key>
			<string>PBXBuildFile</string>
		</dict>
		<key>32EE0A96765C4E9CBE62461A</key>
		<dict>
			<key>isa</key>
			<string>PBXFileReference</string>
			<key>lastKnownFileType</key>
			<string>sourcecode.swift</string>
			<key>path</key>
			<string>MockPermissionIO.swift</string>
			<key>sourceTree</key>
			<string>&lt;group&gt;</string>
		</dict>
		<key>36BDE8B9869641BF8924B0E9</key>
		<dict>
			<key>isa</key>
			<string>PBXFileReference</string>
			<key>lastKnownFileType</key>
			<string>sourcecode.swift</string>
			<key>path</key>
			<string>TokenProviderIO.swift</string>
			<key>sourceTree</key>
			<string>&lt;group&gt;</string>
		</dict>
		<key>389214641CFD45F191E045CB</key>
		<dict>
			<key>fileRef</key>
			<string>8B775F209C2749ADB5B2B05D</string>
			<key>isa</key>
			<string>PBXBuildFile</string>
		</dict>
		<key>3986A974DC2E47BDB0792E31</key>
		<dict>
			<key>isa</key>
			<string>PBXFileReference</string>
			<key>lastKnownFileType</key>
			<string>sourcecode.swift</string>
			<key>path</key>
			<string>AudioRecorderIOTests.swift</string>
			<key>sourceTree</key>
			<string>&lt;group&gt;</string>
		</dict>
		<key>39E78ED1E2DD42ADB243829A</key>
		<dict>
			<key>fileRef</key>
			<string>92CA46CC75684ECF993E007C</string>
			<key>isa</key>
			<string>PBXBuildFile</string>
		</dict>
		<key>3B8D6DA6D0DF4619A9967F0B</key>
		<dict>
			<key>isa</key>
			<string>PBXFileReference</string>
			<key>lastKnownFileType</key>
			<string>sourcecode.swift</string>
			<key>path</key>
			<string>PermissionCheckViewTests.swift</string>
			<key>sourceTree</key>
			<string>&lt;group&gt;</string>
		</dict>
		<key>3B946E24ED464C098EAD13A9</key>
		<dict>
			<key>fileRef</key>
			<string>D9EAA58F6237426F8790859D</string>
			<key>isa</key>
			<string>PBXBuildFile</string>
		</dict>
		<key>3BAFE738F38F478E87C53BEC</key>
		<dict>
			<key>children</key>
			<array>
				<string>5052B690BA844E1DAF3260F0</string>
			</array>
			<key>isa</key>
			<string>PBXGroup</string>
			<key>path</key>
			<string>Helpers</string>
			<key>sourceTree</key>
			<string>&lt;group&gt;</string>
		</dict>
		<key>3BCFF370E3AF460A9012F153</key>
		<dict>
			<key>fileRef</key>
			<string>54EDD714AA8E485D90B99A53</string>
			<key>isa</key>
			<string>PBXBuildFile</string>
		</dict>
		<key>3F6C27EA17A843428468EA72</key>
		<dict>
			<key>isa</key>
			<string>PBXFileReference</string>
			<key>lastKnownFileType</key>
			<string>sourcecode.swift</string>
			<key>path</key>
			<string>MockFilePathIO.swift</string>
			<key>sourceTree</key>
			<string>&lt;group&gt;</string>
		</dict>
		<key>3FC856034ADE4ABA831CE337</key>
		<dict>
			<key>fileRef</key>
			<string>AF5639DD2A874A2EBA4EC50D</string>
			<key>isa</key>
			<string>PBXBuildFile</string>
		</dict>
		<key>3FE0ECB83A6A445A87509942</key>
		<dict>
			<key>fileRef</key>
			<string>19C2DADB86AE4A71955DAAF8</string>
			<key>isa</key>
			<string>PBXBuildFile</string>
		</dict>
		<key>40F4A5F6BED5447E9E9F74CF</key>
		<dict>
			<key>children</key>
			<array>
				<string>3986A974DC2E47BDB0792E31</string>
				<string>C1B2C3D4E5F6A1B2C3D4E706</string>
				<string>54EDD714AA8E485D90B99A53</string>
				<string>AF5639DD2A874A2EBA4EC50D</string>
				<string>6EB7ADAF0670456386928B3F</string>
			</array>
			<key>isa</key>
			<string>PBXGroup</string>
			<key>path</key>
			<string>IO</string>
			<key>sourceTree</key>
			<string>&lt;group&gt;</string>
		</dict>
		<key>434466DADC464B57B1D7ED50</key>
		<dict>
			<key>fileRef</key>
			<string>7C86173FC4E948138A0BDCE2</string>
			<key>isa</key>
			<string>PBXBuildFile</string>
		</dict>
		<key>456325FA75774BA2912F6608</key>
		<dict>
			<key>fileRef</key>
			<string>B240948846CF48DF9E5EB5E8</string>
			<key>isa</key>
			<string>PBXBuildFile</string>
		</dict>
		<key>4874117D483C4470AFA968AE</key>
		<dict>
			<key>fileRef</key>
			<string>902EC597EFB74B479C7CFC0A</string>
			<key>isa</key>
			<string>PBXBuildFile</string>
		</dict>
		<key>4A28F49B73674FE58F4C80CE</key>
		<dict>
			<key>fileRef</key>
			<string>12F9FE998EB2444CB19958F4</string>
			<key>isa</key>
			<string>PBXBuildFile</string>
		</dict>
		<key>4B21E9491CED4C41B47209E1</key>
		<dict>
			<key>buildSettings</key>
			<dict>
				<key>BUNDLE_LOADER</key>
				<string>$(TEST_HOST)</string>
				<key>CODE_SIGN_STYLE</key>
				<string>Automatic</string>
				<key>CURRENT_PROJECT_VERSION</key>
				<string>1</string>
				<key>GENERATE_INFOPLIST_FILE</key>
				<string>YES</string>
				<key>MACOSX_DEPLOYMENT_TARGET</key>
				<string>14.0</string>
				<key>PRODUCT_BUNDLE_IDENTIFIER</key>
				<string>com.talkflow.tests</string>
				<key>PRODUCT_NAME</key>
				<string>TalkFlowTests</string>
				<key>SWIFT_VERSION</key>
				<string>5.0</string>
				<key>TEST_HOST</key>
				<string>$(BUILT_PRODUCTS_DIR)/TalkFlow.app/Contents/MacOS/TalkFlow</string>
			</dict>
			<key>isa</key>
			<string>XCBuildConfiguration</string>
			<key>name</key>
			<string>Debug</string>
		</dict>
		<key>4B7E8F3A1F294A3B92256977</key>
		<dict>
			<key>fileRef</key>
			<string>F9FE837BBB93492C83D31911</string>
			<key>isa</key>
			<string>PBXBuildFile</string>
		</dict>
		<key>4C044E5EE95348CBACF3159C</key>
		<dict>
			<key>explicitFileType</key>
			<string>wrapper.cfbundle</string>
			<key>includeInIndex</key>
			<string>0</string>
			<key>isa</key>
			<string>PBXFileReference</string>
			<key>path</key>
			<string>TalkFlowTests.xctest</string>
			<key>sourceTree</key>
			<string>BUILT_PRODUCTS_DIR</string>
		</dict>
		<key>4D463DC015984901A446FF0A</key>
		<dict>
			<key>isa</key>
			<string>PBXFileReference</string>
			<key>lastKnownFileType</key>
			<string>sourcecode.swift</string>
			<key>path</key>
			<string>PulseRingView.swift</string>
			<key>sourceTree</key>
			<string>&lt;group&gt;</string>
		</dict>
		<key>4E3AD1D6AE774CD59F150875</key>
		<dict>
			<key>fileRef</key>
			<string>95EAB1BBA8D04F4EB4E7D1E2</string>
			<key>isa</key>
			<string>PBXBuildFile</string>
		</dict>
		<key>4ED4B478A31A48588936BB62</key>
		<dict>
			<key>isa</key>
			<string>PBXFileReference</string>
			<key>lastKnownFileType</key>
			<string>sourcecode.swift</string>
			<key>path</key>
			<string>PasteIO.swift</string>
			<key>sourceTree</key>
			<string>&lt;group&gt;</string>
		</dict>
		<key>4F82ECCDAE4C4BCD863108C5</key>
		<dict>
			<key>fileRef</key>
			<string>84BB66418C6246D9A534DE18</string>
			<key>isa</key>
			<string>PBXBuildFile</string>
		</dict>
		<key>5052B690BA844E1DAF3260F0</key>
		<dict>
			<key>isa</key>
			<string>PBXFileReference</string>
			<key>lastKnownFileType</key>
			<string>sourcecode.swift</string>
			<key>path</key>
			<string>XCTestCaseAsync.swift</string>
			<key>sourceTree</key>
			<string>&lt;group&gt;</string>
		</dict>
		<key>5247D5576D8C4E3696E6109A</key>
		<dict>
			<key>isa</key>
			<string>PBXFileReference</string>
			<key>lastKnownFileType</key>
			<string>sourcecode.swift</string>
			<key>path</key>
			<string>ProviderIO.swift</string>
			<key>sourceTree</key>
			<string>&lt;group&gt;</string>
		</dict>
		<key>524D73189BD14892AA939FF2</key>
		<dict>
			<key>fileRef</key>
			<string>DAADD4E9D7114C38B27D5E4C</string>
			<key>isa</key>
			<string>PBXBuildFile</string>
		</dict>
		<key>53A635FBD9734986BB0E7114</key>
		<dict>
			<key>fileRef</key>
			<string>D384B1BCE65E49E48A1C82DC</string>
			<key>isa</key>
			<string>PBXBuildFile</string>
		</dict>
		<key>54EDD714AA8E485D90B99A53</key>
		<dict>
			<key>isa</key>
			<string>PBXFileReference</string>
			<key>lastKnownFileType</key>
			<string>sourcecode.swift</string>
			<key>path</key>
			<string>MicPermissionIOTests.swift</string>
			<key>sourceTree</key>
			<string>&lt;group&gt;</string>
		</dict>
		<key>55D86B63D0BE4ABBB56FF8F7</key>
		<dict>
			<key>isa</key>
			<string>PBXFileReference</string>
			<key>lastKnownFileType</key>
			<string>sourcecode.swift</string>
			<key>path</key>
			<string>TokenDecoderTests.swift</string>
			<key>sourceTree</key>
			<string>&lt;group&gt;</string>
		</dict>
		<key>560E73B216B14A4DA5F203D8</key>
		<dict>
			<key>isa</key>
			<string>PBXFileReference</string>
			<key>lastKnownFileType</key>
			<string>sourcecode.swift</string>
			<key>path</key>
			<string>FbankFeature.swift</string>
			<key>sourceTree</key>
			<string>&lt;group&gt;</string>
		</dict>
		<key>5D2D9AEF8B564EC797644990</key>
		<dict>
			<key>fileRef</key>
			<string>01CB6CED2AC347BBA29664CE</string>
			<key>isa</key>
			<string>PBXBuildFile</string>
		</dict>
		<key>5D725AFFC3FC9EFA4831F174</key>
		<dict>
			<key>isa</key>
			<string>PBXFileReference</string>
			<key>lastKnownFileType</key>
			<string>sourcecode.swift</string>
			<key>path</key>
			<string>PipelinePhase.swift</string>
			<key>sourceTree</key>
			<string>&lt;group&gt;</string>
		</dict>
		<key>63838BEF40924695924AD8D9</key>
		<dict>
			<key>buildConfigurationList</key>
			<string>73C01B62F9A644A6A3BF8D04</string>
			<key>buildPhases</key>
			<array>
				<string>2047A542841C4FD6A08BBEE4</string>
			</array>
			<key>buildRules</key>
			<array/>
			<key>dependencies</key>
			<array>
				<string>049E91C7862A46A9BD892FDC</string>
			</array>
			<key>isa</key>
			<string>PBXNativeTarget</string>
			<key>name</key>
			<string>TalkFlowTests</string>
			<key>productName</key>
			<string>TalkFlowTests</string>
			<key>productReference</key>
			<string>4C044E5EE95348CBACF3159C</string>
			<key>productType</key>
			<string>com.apple.product-type.bundle.unit-test</string>
		</dict>
		<key>651AE4A0CC1FE8D43AEB5519</key>
		<dict>
			<key>fileRef</key>
			<string>5D725AFFC3FC9EFA4831F174</string>
			<key>isa</key>
			<string>PBXBuildFile</string>
		</dict>
		<key>667BDCA79AB244BAA9058E4F</key>
		<dict>
			<key>isa</key>
			<string>PBXFileReference</string>
			<key>lastKnownFileType</key>
			<string>sourcecode.swift</string>
			<key>path</key>
			<string>TokenDecoder.swift</string>
			<key>sourceTree</key>
			<string>&lt;group&gt;</string>
		</dict>
		<key>66BA4B22A9244CEB8BA30D88</key>
		<dict>
			<key>fileRef</key>
			<string>940E9C18DD78412983E30E4F</string>
			<key>isa</key>
			<string>PBXBuildFile</string>
		</dict>
		<key>6EB7ADAF0670456386928B3F</key>
		<dict>
			<key>isa</key>
			<string>PBXFileReference</string>
			<key>lastKnownFileType</key>
			<string>sourcecode.swift</string>
			<key>path</key>
			<string>PasteIOTests.swift</string>
			<key>sourceTree</key>
			<string>&lt;group&gt;</string>
		</dict>
		<key>6FD1B48199F9409787A57855</key>
		<dict>
			<key>isa</key>
			<string>PBXFileReference</string>
			<key>lastKnownFileType</key>
			<string>sourcecode.swift</string>
			<key>path</key>
			<string>RecordingState.swift</string>
			<key>sourceTree</key>
			<string>&lt;group&gt;</string>
		</dict>
		<key>73C01B62F9A644A6A3BF8D04</key>
		<dict>
			<key>buildConfigurations</key>
			<array>
				<string>4B21E9491CED4C41B47209E1</string>
				<string>27D8459A7081442B83B1DEDC</string>
			</array>
			<key>defaultConfigurationIsVisible</key>
			<string>0</string>
			<key>defaultConfigurationName</key>
			<string>Release</string>
			<key>isa</key>
			<string>XCConfigurationList</string>
		</dict>
		<key>7440444015BC4FB69C8AD59E</key>
		<dict>
			<key>isa</key>
			<string>PBXFileReference</string>
			<key>lastKnownFileType</key>
			<string>sourcecode.swift</string>
			<key>path</key>
			<string>MicPermissionUIStateTests.swift</string>
			<key>sourceTree</key>
			<string>&lt;group&gt;</string>
		</dict>
		<key>79D46372155D4AEF9BE350E2</key>
		<dict>
			<key>fileRef</key>
			<string>0506E5C8520849749A320F07</string>
			<key>isa</key>
			<string>PBXBuildFile</string>
		</dict>
		<key>7C86173FC4E948138A0BDCE2</key>
		<dict>
			<key>isa</key>
			<string>PBXFileReference</string>
			<key>lastKnownFileType</key>
			<string>sourcecode.swift</string>
			<key>path</key>
			<string>VertexAIIO.swift</string>
			<key>sourceTree</key>
			<string>&lt;group&gt;</string>
		</dict>
		<key>7CD03D06E9B64CB584C01FC2</key>
		<dict>
			<key>fileRef</key>
			<string>36BDE8B9869641BF8924B0E9</string>
			<key>isa</key>
			<string>PBXBuildFile</string>
		</dict>
		<key>83BEB8DFC03F43E690DED845</key>
		<dict>
			<key>isa</key>
			<string>PBXFileReference</string>
			<key>lastKnownFileType</key>
			<string>sourcecode.swift</string>
			<key>path</key>
			<string>AudioRecorderIO.swift</string>
			<key>sourceTree</key>
			<string>&lt;group&gt;</string>
		</dict>
		<key>84B1150BB57145B9B4A8A3B6</key>
		<dict>
			<key>fileRef</key>
			<string>FC47BBA3FF7D41069289DCA9</string>
			<key>isa</key>
			<string>PBXBuildFile</string>
		</dict>
		<key>84BB66418C6246D9A534DE18</key>
		<dict>
			<key>isa</key>
			<string>PBXFileReference</string>
			<key>lastKnownFileType</key>
			<string>sourcecode.swift</string>
			<key>path</key>
			<string>ModelSettingsView.swift</string>
			<key>sourceTree</key>
			<string>&lt;group&gt;</string>
		</dict>
		<key>870EC224593C48C4B9C9B401</key>
		<dict>
			<key>isa</key>
			<string>PBXFileReference</string>
			<key>lastKnownFileType</key>
			<string>sourcecode.swift</string>
			<key>path</key>
			<string>Utils/ADCParserTests.swift</string>
			<key>sourceTree</key>
			<string>&lt;group&gt;</string>
		</dict>
		<key>881A6C2713B74F3493EC76CE</key>
		<dict>
			<key>fileRef</key>
			<string>83BEB8DFC03F43E690DED845</string>
			<key>isa</key>
			<string>PBXBuildFile</string>
		</dict>
		<key>8B775F209C2749ADB5B2B05D</key>
		<dict>
			<key>isa</key>
			<string>PBXFileReference</string>
			<key>lastKnownFileType</key>
			<string>sourcecode.swift</string>
			<key>path</key>
			<string>MockAudioRecorderIO.swift</string>
			<key>sourceTree</key>
			<string>&lt;group&gt;</string>
		</dict>
		<key>8C12EE9D90054AD882AA998E</key>
		<dict>
			<key>isa</key>
			<string>PBXFileReference</string>
			<key>lastKnownFileType</key>
			<string>sourcecode.swift</string>
			<key>path</key>
			<string>VertexMessageAdapter.swift</string>
			<key>sourceTree</key>
			<string>&lt;group&gt;</string>
		</dict>
		<key>902EC597EFB74B479C7CFC0A</key>
		<dict>
			<key>isa</key>
			<string>PBXFileReference</string>
			<key>lastKnownFileType</key>
			<string>sourcecode.swift</string>
			<key>path</key>
			<string>SenseVoiceIO.swift</string>
			<key>sourceTree</key>
			<string>&lt;group&gt;</string>
		</dict>
		<key>91910FAB2CAA48F7AA32EB57</key>
		<dict>
			<key>fileRef</key>
			<string>6FD1B48199F9409787A57855</string>
			<key>isa</key>
			<string>PBXBuildFile</string>
		</dict>
		<key>92CA46CC75684ECF993E007C</key>
		<dict>
			<key>isa</key>
			<string>PBXFileReference</string>
			<key>lastKnownFileType</key>
			<string>sourcecode.swift</string>
			<key>path</key>
			<string>ADCParser.swift</string>
			<key>sourceTree</key>
			<string>&lt;group&gt;</string>
		</dict>
		<key>940E9C18DD78412983E30E4F</key>
		<dict>
			<key>isa</key>
			<string>PBXFileReference</string>
			<key>lastKnownFileType</key>
			<string>sourcecode.swift</string>
			<key>path</key>
			<string>AppConfig.swift</string>
			<key>sourceTree</key>
			<string>&lt;group&gt;</string>
		</dict>
		<key>94B195A90DE948FEA4129B56</key>
		<dict>
			<key>isa</key>
			<string>PBXFileReference</string>
			<key>lastKnownFileType</key>
			<string>sourcecode.swift</string>
			<key>path</key>
			<string>PromptConfig.swift</string>
			<key>sourceTree</key>
			<string>&lt;group&gt;</string>
		</dict>
		<key>95EAB1BBA8D04F4EB4E7D1E2</key>
		<dict>
			<key>isa</key>
			<string>PBXFileReference</string>
			<key>lastKnownFileType</key>
			<string>folder</string>
			<key>name</key>
			<string>sensevoice</string>
			<key>path</key>
			<string>Resources/sensevoice</string>
			<key>sourceTree</key>
			<string>&lt;group&gt;</string>
		</dict>
		<key>96F8A6ADCBC14712B92C76F4</key>
		<dict>
			<key>fileRef</key>
			<string>32EE0A96765C4E9CBE62461A</string>
			<key>isa</key>
			<string>PBXBuildFile</string>
		</dict>
		<key>99264DD31AD147248AB399B0</key>
		<dict>
			<key>fileRef</key>
			<string>4ED4B478A31A48588936BB62</string>
			<key>isa</key>
			<string>PBXBuildFile</string>
		</dict>
		<key>9DCF00B777F64E8286D1C7C6</key>
		<dict>
			<key>fileRef</key>
			<string>560E73B216B14A4DA5F203D8</string>
			<key>isa</key>
			<string>PBXBuildFile</string>
		</dict>
		<key>9EBA3952F2E843AD89FFDF65</key>
		<dict>
			<key>isa</key>
			<string>PBXFileReference</string>
			<key>lastKnownFileType</key>
			<string>sourcecode.swift</string>
			<key>path</key>
			<string>PipelineStatusView.swift</string>
			<key>sourceTree</key>
			<string>&lt;group&gt;</string>
		</dict>
		<key>9F5A610FEC854FC7A33AF070</key>
		<dict>
			<key>fileRef</key>
			<string>5247D5576D8C4E3696E6109A</string>
			<key>isa</key>
			<string>PBXBuildFile</string>
		</dict>
		<key>A16C53DDB18043A8ACCCFF09</key>
		<dict>
			<key>children</key>
			<array>
				<string>870EC224593C48C4B9C9B401</string>
			</array>
			<key>isa</key>
			<string>PBXGroup</string>
			<key>name</key>
			<string>Utils</string>
			<key>sourceTree</key>
			<string>&lt;group&gt;</string>
		</dict>
		<key>A1B2C3D4E5F6A1B2C3D4E500</key>
		<dict>
			<key>children</key>
			<array>
				<string>A1B2C3D4E5F6A1B2C3D4E501</string>
				<string>A1B2C3D4E5F6A1B2C3D4E502</string>
				<string>A1B2C3D4E5F6A1B2C3D4E516</string>
				<string>A1B2C3D4E5F6A1B2C3D4E512</string>
				<string>A1B2C3D4E5F6A1B2C3D4E508</string>
				<string>A1B2C3D4E5F6A1B2C3D4E504</string>
				<string>A1B2C3D4E5F6A1B2C3D4E503</string>
				<string>FC47BBA3FF7D41069289DCA9</string>
				<string>95EAB1BBA8D04F4EB4E7D1E2</string>
			</array>
			<key>isa</key>
			<string>PBXGroup</string>
			<key>path</key>
			<string>TalkFlow</string>
			<key>sourceTree</key>
			<string>&lt;group&gt;</string>
		</dict>
		<key>A1B2C3D4E5F6A1B2C3D4E501</key>
		<dict>
			<key>isa</key>
			<string>PBXFileReference</string>
			<key>lastKnownFileType</key>
			<string>sourcecode.swift</string>
			<key>path</key>
			<string>main.swift</string>
			<key>sourceTree</key>
			<string>&lt;group&gt;</string>
		</dict>
		<key>A1B2C3D4E5F6A1B2C3D4E502</key>
		<dict>
			<key>isa</key>
			<string>PBXFileReference</string>
			<key>lastKnownFileType</key>
			<string>sourcecode.swift</string>
			<key>path</key>
			<string>AppDelegate.swift</string>
			<key>sourceTree</key>
			<string>&lt;group&gt;</string>
		</dict>
		<key>A1B2C3D4E5F6A1B2C3D4E503</key>
		<dict>
			<key>isa</key>
			<string>PBXFileReference</string>
			<key>lastKnownFileType</key>
			<string>text.plist.xml</string>
			<key>path</key>
			<string>Info.plist</string>
			<key>sourceTree</key>
			<string>&lt;group&gt;</string>
		</dict>
		<key>A1B2C3D4E5F6A1B2C3D4E504</key>
		<dict>
			<key>isa</key>
			<string>PBXFileReference</string>
			<key>lastKnownFileType</key>
			<string>folder.assetcatalog</string>
			<key>path</key>
			<string>Assets.xcassets</string>
			<key>sourceTree</key>
			<string>&lt;group&gt;</string>
		</dict>
		<key>A1B2C3D4E5F6A1B2C3D4E505</key>
		<dict>
			<key>fileRef</key>
			<string>A1B2C3D4E5F6A1B2C3D4E504</string>
			<key>isa</key>
			<string>PBXBuildFile</string>
		</dict>
		<key>A1B2C3D4E5F6A1B2C3D4E506</key>
		<dict>
			<key>fileRef</key>
			<string>A1B2C3D4E5F6A1B2C3D4E522</string>
			<key>isa</key>
			<string>PBXBuildFile</string>
		</dict>
		<key>A1B2C3D4E5F6A1B2C3D4E508</key>
		<dict>
			<key>children</key>
			<array>
				<string>A1B2C3D4E5F6A1B2C3D4E524</string>
				<string>A1B2C3D4E5F6A1B2C3D4E522</string>
				<string>A1B2C3D4E5F6A1B2C3D4E527</string>
				<string>TF01TRSV0000000000000000000V</string>
				<string>9EBA3952F2E843AD89FFDF65</string>
				<string>4D463DC015984901A446FF0A</string>
				<string>B56D6DC7D2E94D8B94D42567</string>
				<string>84BB66418C6246D9A534DE18</string>
			</array>
			<key>isa</key>
			<string>PBXGroup</string>
			<key>path</key>
			<string>Views</string>
			<key>sourceTree</key>
			<string>&lt;group&gt;</string>
		</dict>
		<key>A1B2C3D4E5F6A1B2C3D4E509</key>
		<dict>
			<key>children</key>
			<array>
				<string>A1B2C3D4E5F6A1B2C3D4E500</string>
				<string>DD88553FEADD406D8ADF5A15</string>
				<string>A1B2C3D4E5F6A1B2C3D4E510</string>
			</array>
			<key>isa</key>
			<string>PBXGroup</string>
			<key>sourceTree</key>
			<string>&lt;group&gt;</string>
		</dict>
		<key>A1B2C3D4E5F6A1B2C3D4E510</key>
		<dict>
			<key>children</key>
			<array>
				<string>A1B2C3D4E5F6A1B2C3D4E5F8</string>
				<string>4C044E5EE95348CBACF3159C</string>
			</array>
			<key>isa</key>
			<string>PBXGroup</string>
			<key>name</key>
			<string>Products</string>
			<key>sourceTree</key>
			<string>&lt;group&gt;</string>
		</dict>
		<key>A1B2C3D4E5F6A1B2C3D4E512</key>
		<dict>
			<key>children</key>
			<array>
				<string>6FD1B48199F9409787A57855</string>
				<string>A1B2C3D4E5F6A1B2C3D4E518</string>
				<string>A1B2C3D4E5F6A1B2C3D4E525</string>
				<string>FF70BE06CAC748438A5424E7</string>
				<string>560E73B216B14A4DA5F203D8</string>
				<string>667BDCA79AB244BAA9058E4F</string>
				<string>0506E5C8520849749A320F07</string>
				<string>5D725AFFC3FC9EFA4831F174</string>
				<string>92CA46CC75684ECF993E007C</string>
				<string>C0137C57F16D4472B3E4683F</string>
				<string>94B195A90DE948FEA4129B56</string>
				<string>2C7E613C62F44186867C6AF6</string>
				<string>8C12EE9D90054AD882AA998E</string>
				<string>940E9C18DD78412983E30E4F</string>
			</array>
			<key>isa</key>
			<string>PBXGroup</string>
			<key>path</key>
			<string>Utils</string>
			<key>sourceTree</key>
			<string>&lt;group&gt;</string>
		</dict>
		<key>A1B2C3D4E5F6A1B2C3D4E516</key>
		<dict>
			<key>children</key>
			<array>
				<string>83BEB8DFC03F43E690DED845</string>
				<string>C1B2C3D4E5F6A1B2C3D4E702</string>
				<string>F9FE837BBB93492C83D31911</string>
				<string>A1B2C3D4E5F6A1B2C3D4E520</string>
				<string>A1B2C3D4E5F6A1B2C3D4E526</string>
				<string>902EC597EFB74B479C7CFC0A</string>
				<string>19C2DADB86AE4A71955DAAF8</string>
				<string>4ED4B478A31A48588936BB62</string>
				<string>D9EAA58F6237426F8790859D</string>
				<string>36BDE8B9869641BF8924B0E9</string>
				<string>01CB6CED2AC347BBA29664CE</string>
				<string>5247D5576D8C4E3696E6109A</string>
				<string>137117EBDE004092B2676C06</string>
				<string>7C86173FC4E948138A0BDCE2</string>
				<string>30C718724D2840629FB5F2E6</string>
				<string>12F9FE998EB2444CB19958F4</string>
			</array>
			<key>isa</key>
			<string>PBXGroup</string>
			<key>path</key>
			<string>IO</string>
			<key>sourceTree</key>
			<string>&lt;group&gt;</string>
		</dict>
		<key>A1B2C3D4E5F6A1B2C3D4E517</key>
		<dict>
			<key>fileRef</key>
			<string>A1B2C3D4E5F6A1B2C3D4E518</string>
			<key>isa</key>
			<string>PBXBuildFile</string>
		</dict>
		<key>A1B2C3D4E5F6A1B2C3D4E518</key>
		<dict>
			<key>isa</key>
			<string>PBXFileReference</string>
			<key>lastKnownFileType</key>
			<string>sourcecode.swift</string>
			<key>path</key>
			<string>Permission.swift</string>
			<key>sourceTree</key>
			<string>&lt;group&gt;</string>
		</dict>
		<key>A1B2C3D4E5F6A1B2C3D4E519</key>
		<dict>
			<key>fileRef</key>
			<string>A1B2C3D4E5F6A1B2C3D4E520</string>
			<key>isa</key>
			<string>PBXBuildFile</string>
		</dict>
		<key>A1B2C3D4E5F6A1B2C3D4E520</key>
		<dict>
			<key>isa</key>
			<string>PBXFileReference</string>
			<key>lastKnownFileType</key>
			<string>sourcecode.swift</string>
			<key>path</key>
			<string>PermissionIO.swift</string>
			<key>sourceTree</key>
			<string>&lt;group&gt;</string>
		</dict>
		<key>A1B2C3D4E5F6A1B2C3D4E522</key>
		<dict>
			<key>isa</key>
			<string>PBXFileReference</string>
			<key>lastKnownFileType</key>
			<string>sourcecode.swift</string>
			<key>path</key>
			<string>PermissionListView.swift</string>
			<key>sourceTree</key>
			<string>&lt;group&gt;</string>
		</dict>
		<key>A1B2C3D4E5F6A1B2C3D4E523</key>
		<dict>
			<key>fileRef</key>
			<string>A1B2C3D4E5F6A1B2C3D4E524</string>
			<key>isa</key>
			<string>PBXBuildFile</string>
		</dict>
		<key>A1B2C3D4E5F6A1B2C3D4E524</key>
		<dict>
			<key>isa</key>
			<string>PBXFileReference</string>
			<key>lastKnownFileType</key>
			<string>sourcecode.swift</string>
			<key>path</key>
			<string>CardView.swift</string>
			<key>sourceTree</key>
			<string>&lt;group&gt;</string>
		</dict>
		<key>A1B2C3D4E5F6A1B2C3D4E525</key>
		<dict>
			<key>isa</key>
			<string>PBXFileReference</string>
			<key>lastKnownFileType</key>
			<string>sourcecode.swift</string>
			<key>path</key>
			<string>Hotkey.swift</string>
			<key>sourceTree</key>
			<string>&lt;group&gt;</string>
		</dict>
		<key>A1B2C3D4E5F6A1B2C3D4E526</key>
		<dict>
			<key>isa</key>
			<string>PBXFileReference</string>
			<key>lastKnownFileType</key>
			<string>sourcecode.swift</string>
			<key>path</key>
			<string>HotkeyIO.swift</string>
			<key>sourceTree</key>
			<string>&lt;group&gt;</string>
		</dict>
		<key>A1B2C3D4E5F6A1B2C3D4E527</key>
		<dict>
			<key>isa</key>
			<string>PBXFileReference</string>
			<key>lastKnownFileType</key>
			<string>sourcecode.swift</string>
			<key>path</key>
			<string>HotkeySettingsView.swift</string>
			<key>sourceTree</key>
			<string>&lt;group&gt;</string>
		</dict>
		<key>A1B2C3D4E5F6A1B2C3D4E528</key>
		<dict>
			<key>fileRef</key>
			<string>A1B2C3D4E5F6A1B2C3D4E525</string>
			<key>isa</key>
			<string>PBXBuildFile</string>
		</dict>
		<key>A1B2C3D4E5F6A1B2C3D4E529</key>
		<dict>
			<key>fileRef</key>
			<string>A1B2C3D4E5F6A1B2C3D4E526</string>
			<key>isa</key>
			<string>PBXBuildFile</string>
		</dict>
		<key>A1B2C3D4E5F6A1B2C3D4E530</key>
		<dict>
			<key>fileRef</key>
			<string>A1B2C3D4E5F6A1B2C3D4E527</string>
			<key>isa</key>
			<string>PBXBuildFile</string>
		</dict>
		<key>A1B2C3D4E5F6A1B2C3D4E5F6</key>
		<dict>
			<key>fileRef</key>
			<string>A1B2C3D4E5F6A1B2C3D4E501</string>
			<key>isa</key>
			<string>PBXBuildFile</string>
		</dict>
		<key>A1B2C3D4E5F6A1B2C3D4E5F7</key>
		<dict>
			<key>fileRef</key>
			<string>A1B2C3D4E5F6A1B2C3D4E502</string>
			<key>isa</key>
			<string>PBXBuildFile</string>
		</dict>
		<key>A1B2C3D4E5F6A1B2C3D4E5F8</key>
		<dict>
			<key>explicitFileType</key>
			<string>wrapper.application</string>
			<key>includeInIndex</key>
			<string>0</string>
			<key>isa</key>
			<string>PBXFileReference</string>
			<key>path</key>
			<string>TalkFlow.app</string>
			<key>sourceTree</key>
			<string>BUILT_PRODUCTS_DIR</string>
		</dict>
		<key>A1B2C3D4E5F6A1B2C3D4E5F9</key>
		<dict>
			<key>buildConfigurationList</key>
			<string>A1B2C3D4E5F6A1B2C3D4E600</string>
			<key>buildPhases</key>
			<array>
				<string>A1B2C3D4E5F6A1B2C3D4E601</string>
				<string>A1B2C3D4E5F6A1B2C3D4E602</string>
			</array>
			<key>buildRules</key>
			<array/>
			<key>dependencies</key>
			<array/>
			<key>isa</key>
			<string>PBXNativeTarget</string>
			<key>name</key>
			<string>TalkFlow</string>
			<key>productName</key>
			<string>TalkFlow</string>
			<key>productReference</key>
			<string>A1B2C3D4E5F6A1B2C3D4E5F8</string>
			<key>productType</key>
			<string>com.apple.product-type.application</string>
		</dict>
		<key>A1B2C3D4E5F6A1B2C3D4E600</key>
		<dict>
			<key>buildConfigurations</key>
			<array>
				<string>A1B2C3D4E5F6A1B2C3D4E703</string>
				<string>A1B2C3D4E5F6A1B2C3D4E704</string>
			</array>
			<key>defaultConfigurationIsVisible</key>
			<string>0</string>
			<key>defaultConfigurationName</key>
			<string>Release</string>
			<key>isa</key>
			<string>XCConfigurationList</string>
		</dict>
		<key>A1B2C3D4E5F6A1B2C3D4E601</key>
		<dict>
			<key>buildActionMask</key>
			<string>2147483647</string>
			<key>files</key>
			<array>
				<string>881A6C2713B74F3493EC76CE</string>
				<string>C1B2C3D4E5F6A1B2C3D4E701</string>
				<string>4B7E8F3A1F294A3B92256977</string>
				<string>91910FAB2CAA48F7AA32EB57</string>
				<string>A1B2C3D4E5F6A1B2C3D4E5F6</string>
				<string>A1B2C3D4E5F6A1B2C3D4E5F7</string>
				<string>A1B2C3D4E5F6A1B2C3D4E506</string>
				<string>A1B2C3D4E5F6A1B2C3D4E517</string>
				<string>A1B2C3D4E5F6A1B2C3D4E519</string>
				<string>A1B2C3D4E5F6A1B2C3D4E523</string>
				<string>A1B2C3D4E5F6A1B2C3D4E528</string>
				<string>A1B2C3D4E5F6A1B2C3D4E529</string>
				<string>A1B2C3D4E5F6A1B2C3D4E530</string>
				<string>D54C8989C7854F939CDFAAB1</string>
				<string>9DCF00B777F64E8286D1C7C6</string>
				<string>FF190FF7E92F4BE28EF5A33E</string>
				<string>79D46372155D4AEF9BE350E2</string>
				<string>4874117D483C4470AFA968AE</string>
				<string>3FE0ECB83A6A445A87509942</string>
				<string>84B1150BB57145B9B4A8A3B6</string>
				<string>TF01TRSV00000000000000000BF</string>
				<string>99264DD31AD147248AB399B0</string>
				<string>651AE4A0CC1FE8D43AEB5519</string>
				<string>B2841BBA9F6445ACBF68ACE8</string>
				<string>F4EBA008C0B741899F90B669</string>
				<string>1FF49FD06D46401ABB096D46</string>
				<string>39E78ED1E2DD42ADB243829A</string>
				<string>3B946E24ED464C098EAD13A9</string>
				<string>4F82ECCDAE4C4BCD863108C5</string>
				<string>0A5B600B6CB94C3392447623</string>
				<string>2940A40AFEC145EDB7226075</string>
				<string>D28ADA38FFAF4149B8194C37</string>
				<string>DFDFF8ACCFEF4C128EFD5D04</string>
				<string>7CD03D06E9B64CB584C01FC2</string>
				<string>5D2D9AEF8B564EC797644990</string>
				<string>9F5A610FEC854FC7A33AF070</string>
				<string>F4F1A140ABA4401682CF0EA5</string>
				<string>434466DADC464B57B1D7ED50</string>
				<string>C3407740FE944C19826D4452</string>
				<string>66BA4B22A9244CEB8BA30D88</string>
				<string>4A28F49B73674FE58F4C80CE</string>
			</array>
			<key>isa</key>
			<string>PBXSourcesBuildPhase</string>
			<key>runOnlyForDeploymentPostprocessing</key>
			<string>0</string>
		</dict>
		<key>A1B2C3D4E5F6A1B2C3D4E602</key>
		<dict>
			<key>buildActionMask</key>
			<string>2147483647</string>
			<key>files</key>
			<array>
				<string>A1B2C3D4E5F6A1B2C3D4E505</string>
				<string>4E3AD1D6AE774CD59F150875</string>
			</array>
			<key>isa</key>
			<string>PBXResourcesBuildPhase</string>
			<key>runOnlyForDeploymentPostprocessing</key>
			<string>0</string>
		</dict>
		<key>A1B2C3D4E5F6A1B2C3D4E699</key>
		<dict>
			<key>attributes</key>
			<dict>
				<key>BuildIndependentTargetsInParallel</key>
				<string>1</string>
				<key>LastSwiftUpdateCheck</key>
				<string>1600</string>
				<key>LastUpgradeCheck</key>
				<string>1600</string>
			</dict>
			<key>buildConfigurationList</key>
			<string>A1B2C3D4E5F6A1B2C3D4E700</string>
			<key>compatibilityVersion</key>
			<string>Xcode 14.0</string>
			<key>developmentRegion</key>
			<string>en</string>
			<key>hasScannedForEncodings</key>
			<string>0</string>
			<key>isa</key>
			<string>PBXProject</string>
			<key>knownRegions</key>
			<array>
				<string>en</string>
				<string>Base</string>
			</array>
			<key>mainGroup</key>
			<string>A1B2C3D4E5F6A1B2C3D4E509</string>
			<key>productRefGroup</key>
			<string>A1B2C3D4E5F6A1B2C3D4E510</string>
			<key>projectDirPath</key>
			<string></string>
			<key>projectRoot</key>
			<string></string>
			<key>targets</key>
			<array>
				<string>A1B2C3D4E5F6A1B2C3D4E5F9</string>
				<string>63838BEF40924695924AD8D9</string>
			</array>
		</dict>
		<key>A1B2C3D4E5F6A1B2C3D4E700</key>
		<dict>
			<key>buildConfigurations</key>
			<array>
				<string>A1B2C3D4E5F6A1B2C3D4E701</string>
				<string>A1B2C3D4E5F6A1B2C3D4E702</string>
			</array>
			<key>defaultConfigurationIsVisible</key>
			<string>0</string>
			<key>defaultConfigurationName</key>
			<string>Release</string>
			<key>isa</key>
			<string>XCConfigurationList</string>
		</dict>
		<key>A1B2C3D4E5F6A1B2C3D4E701</key>
		<dict>
			<key>buildSettings</key>
			<dict>
				<key>ALWAYS_SEARCH_USER_PATHS</key>
				<string>NO</string>
				<key>CLANG_ANALYZER_NONNULL</key>
				<string>YES</string>
				<key>CLANG_CXX_LANGUAGE_STANDARD</key>
				<string>gnu++20</string>
				<key>CLANG_ENABLE_MODULES</key>
				<string>YES</string>
				<key>CLANG_ENABLE_OBJC_ARC</key>
				<string>YES</string>
				<key>COPY_PHASE_STRIP</key>
				<string>NO</string>
				<key>DEBUG_INFORMATION_FORMAT</key>
				<string>dwarf</string>
				<key>ENABLE_STRICT_OBJC_MSGSEND</key>
				<string>YES</string>
				<key>ENABLE_TESTABILITY</key>
				<string>YES</string>
				<key>GCC_DYNAMIC_NO_PIC</key>
				<string>NO</string>
				<key>GCC_OPTIMIZATION_LEVEL</key>
				<string>0</string>
				<key>GCC_PREPROCESSOR_DEFINITIONS</key>
				<array>
					<string>DEBUG=1</string>
					<string>$(inherited)</string>
				</array>
				<key>MACOSX_DEPLOYMENT_TARGET</key>
				<string>14.0</string>
				<key>MTL_ENABLE_DEBUG_INFO</key>
				<string>INCLUDE_SOURCE</string>
				<key>ONLY_ACTIVE_ARCH</key>
				<string>YES</string>
				<key>SDKROOT</key>
				<string>macosx</string>
				<key>SWIFT_ACTIVE_COMPILATION_CONDITIONS</key>
				<string>DEBUG</string>
				<key>SWIFT_OPTIMIZATION_LEVEL</key>
				<string>-Onone</string>
			</dict>
			<key>isa</key>
			<string>XCBuildConfiguration</string>
			<key>name</key>
			<string>Debug</string>
		</dict>
		<key>A1B2C3D4E5F6A1B2C3D4E702</key>
		<dict>
			<key>buildSettings</key>
			<dict>
				<key>ALWAYS_SEARCH_USER_PATHS</key>
				<string>NO</string>
				<key>CLANG_ANALYZER_NONNULL</key>
				<string>YES</string>
				<key>CLANG_CXX_LANGUAGE_STANDARD</key>
				<string>gnu++20</string>
				<key>CLANG_ENABLE_MODULES</key>
				<string>YES</string>
				<key>CLANG_ENABLE_OBJC_ARC</key>
				<string>YES</string>
				<key>COPY_PHASE_STRIP</key>
				<string>NO</string>
				<key>DEBUG_INFORMATION_FORMAT</key>
				<string>dwarf-with-dsym</string>
				<key>ENABLE_NS_ASSERTIONS</key>
				<string>NO</string>
				<key>ENABLE_STRICT_OBJC_MSGSEND</key>
				<string>YES</string>
				<key>GCC_OPTIMIZATION_LEVEL</key>
				<string>s</string>
				<key>MACOSX_DEPLOYMENT_TARGET</key>
				<string>14.0</string>
				<key>MTL_ENABLE_DEBUG_INFO</key>
				<string>NO</string>
				<key>SDKROOT</key>
				<string>macosx</string>
				<key>SWIFT_COMPILATION_MODE</key>
				<string>wholemodule</string>
				<key>SWIFT_OPTIMIZATION_LEVEL</key>
				<string>-O</string>
			</dict>
			<key>isa</key>
			<string>XCBuildConfiguration</string>
			<key>name</key>
			<string>Release</string>
		</dict>
		<key>A1B2C3D4E5F6A1B2C3D4E703</key>
		<dict>
			<key>buildSettings</key>
			<dict>
				<key>ASSETCATALOG_COMPILER_APPICON_NAME</key>
				<string>AppIcon</string>
				<key>CODE_SIGN_STYLE</key>
				<string>Automatic</string>
				<key>COMBINE_HIDPI_IMAGES</key>
				<string>YES</string>
				<key>CURRENT_PROJECT_VERSION</key>
				<string>1</string>
				<key>ENABLE_HARDENED_RUNTIME</key>
				<string>YES</string>
				<key>GENERATE_INFOPLIST_FILE</key>
				<string>YES</string>
				<key>HEADER_SEARCH_PATHS</key>
				<string>$(SRCROOT)/TalkFlow/STT/onnxruntime/include</string>
				<key>INFOPLIST_FILE</key>
				<string>TalkFlow/Info.plist</string>
				<key>INFOPLIST_KEY_NSHumanReadableCopyright</key>
				<string></string>
				<key>LD_RUNPATH_SEARCH_PATHS</key>
				<array>
					<string>$(inherited)</string>
					<string>@executable_path/../Frameworks</string>
				</array>
				<key>LIBRARY_SEARCH_PATHS</key>
				<string>$(SRCROOT)/TalkFlow/STT/onnxruntime</string>
				<key>MARKETING_VERSION</key>
				<string>1.0</string>
				<key>OTHER_LDFLAGS</key>
				<string>-lonnxruntime</string>
				<key>PRODUCT_BUNDLE_IDENTIFIER</key>
				<string>com.talkflow.app</string>
				<key>PRODUCT_NAME</key>
				<string>TalkFlow</string>
				<key>SWIFT_EMIT_LOC_STRINGS</key>
				<string>YES</string>
				<key>SWIFT_OBJC_BRIDGING_HEADER</key>
				<string>TalkFlow/TalkFlow-Bridging-Header.h</string>
				<key>SWIFT_VERSION</key>
				<string>5.0</string>
			</dict>
			<key>isa</key>
			<string>XCBuildConfiguration</string>
			<key>name</key>
			<string>Debug</string>
		</dict>
		<key>A1B2C3D4E5F6A1B2C3D4E704</key>
		<dict>
			<key>buildSettings</key>
			<dict>
				<key>ASSETCATALOG_COMPILER_APPICON_NAME</key>
				<string>AppIcon</string>
				<key>CODE_SIGN_STYLE</key>
				<string>Automatic</string>
				<key>COMBINE_HIDPI_IMAGES</key>
				<string>YES</string>
				<key>CURRENT_PROJECT_VERSION</key>
				<string>1</string>
				<key>ENABLE_HARDENED_RUNTIME</key>
				<string>YES</string>
				<key>GENERATE_INFOPLIST_FILE</key>
				<string>YES</string>
				<key>HEADER_SEARCH_PATHS</key>
				<string>$(SRCROOT)/TalkFlow/STT/onnxruntime/include</string>
				<key>INFOPLIST_FILE</key>
				<string>TalkFlow/Info.plist</string>
				<key>INFOPLIST_KEY_NSHumanReadableCopyright</key>
				<string></string>
				<key>LD_RUNPATH_SEARCH_PATHS</key>
				<array>
					<string>$(inherited)</string>
					<string>@executable_path/../Frameworks</string>
				</array>
				<key>LIBRARY_SEARCH_PATHS</key>
				<string>$(SRCROOT)/TalkFlow/STT/onnxruntime</string>
				<key>MARKETING_VERSION</key>
				<string>1.0</string>
				<key>OTHER_LDFLAGS</key>
				<string>-lonnxruntime</string>
				<key>PRODUCT_BUNDLE_IDENTIFIER</key>
				<string>com.talkflow.app</string>
				<key>PRODUCT_NAME</key>
				<string>TalkFlow</string>
				<key>SWIFT_EMIT_LOC_STRINGS</key>
				<string>YES</string>
				<key>SWIFT_OBJC_BRIDGING_HEADER</key>
				<string>TalkFlow/TalkFlow-Bridging-Header.h</string>
				<key>SWIFT_VERSION</key>
				<string>5.0</string>
			</dict>
			<key>isa</key>
			<string>XCBuildConfiguration</string>
			<key>name</key>
			<string>Release</string>
		</dict>
		<key>A385F2D487694A21A6956075</key>
		<dict>
			<key>isa</key>
			<string>PBXFileReference</string>
			<key>lastKnownFileType</key>
			<string>sourcecode.swift</string>
			<key>path</key>
			<string>MockPasteIO.swift</string>
			<key>sourceTree</key>
			<string>&lt;group&gt;</string>
		</dict>
		<key>A980ADF0FC2F486493EDA770</key>
		<dict>
			<key>fileRef</key>
			<string>3986A974DC2E47BDB0792E31</string>
			<key>isa</key>
			<string>PBXBuildFile</string>
		</dict>
		<key>AA290EC17B624564AE6CE288</key>
		<dict>
			<key>children</key>
			<array>
				<string>DAADD4E9D7114C38B27D5E4C</string>
				<string>C3E883F3253B4CF498F09BCF</string>
				<string>7440444015BC4FB69C8AD59E</string>
				<string>C41285D1EF9B490391216CCE</string>
				<string>B240948846CF48DF9E5EB5E8</string>
				<string>55D86B63D0BE4ABBB56FF8F7</string>
			</array>
			<key>isa</key>
			<string>PBXGroup</string>
			<key>path</key>
			<string>Pure</string>
			<key>sourceTree</key>
			<string>&lt;group&gt;</string>
		</dict>
		<key>ACA13395D123462E891F2FCA</key>
		<dict>
			<key>fileRef</key>
			<string>6EB7ADAF0670456386928B3F</string>
			<key>isa</key>
			<string>PBXBuildFile</string>
		</dict>
		<key>AF5639DD2A874A2EBA4EC50D</key>
		<dict>
			<key>isa</key>
			<string>PBXFileReference</string>
			<key>lastKnownFileType</key>
			<string>sourcecode.swift</string>
			<key>path</key>
			<string>SenseVoiceEngineIOTests.swift</string>
			<key>sourceTree</key>
			<string>&lt;group&gt;</string>
		</dict>
		<key>B240948846CF48DF9E5EB5E8</key>
		<dict>
			<key>isa</key>
			<string>PBXFileReference</string>
			<key>lastKnownFileType</key>
			<string>sourcecode.swift</string>
			<key>path</key>
			<string>FbankFeatureTests.swift</string>
			<key>sourceTree</key>
			<string>&lt;group&gt;</string>
		</dict>
		<key>B2841BBA9F6445ACBF68ACE8</key>
		<dict>
			<key>fileRef</key>
			<string>9EBA3952F2E843AD89FFDF65</string>
			<key>isa</key>
			<string>PBXBuildFile</string>
		</dict>
		<key>B56D6DC7D2E94D8B94D42567</key>
		<dict>
			<key>isa</key>
			<string>PBXFileReference</string>
			<key>lastKnownFileType</key>
			<string>sourcecode.swift</string>
			<key>path</key>
			<string>JellyfishView.swift</string>
			<key>sourceTree</key>
			<string>&lt;group&gt;</string>
		</dict>
		<key>B90FFCA35BB349DAB6B4B4CD</key>
		<dict>
			<key>fileRef</key>
			<string>7440444015BC4FB69C8AD59E</string>
			<key>isa</key>
			<string>PBXBuildFile</string>
		</dict>
		<key>C0137C57F16D4472B3E4683F</key>
		<dict>
			<key>isa</key>
			<string>PBXFileReference</string>
			<key>lastKnownFileType</key>
			<string>sourcecode.swift</string>
			<key>path</key>
			<string>ServiceAccount.swift</string>
			<key>sourceTree</key>
			<string>&lt;group&gt;</string>
		</dict>
		<key>C1B2C3D4E5F6A1B2C3D4E701</key>
		<dict>
			<key>fileRef</key>
			<string>C1B2C3D4E5F6A1B2C3D4E702</string>
			<key>isa</key>
			<string>PBXBuildFile</string>
		</dict>
		<key>C1B2C3D4E5F6A1B2C3D4E702</key>
		<dict>
			<key>isa</key>
			<string>PBXFileReference</string>
			<key>lastKnownFileType</key>
			<string>sourcecode.swift</string>
			<key>path</key>
			<string>ClipboardIO.swift</string>
			<key>sourceTree</key>
			<string>&lt;group&gt;</string>
		</dict>
		<key>C1B2C3D4E5F6A1B2C3D4E703</key>
		<dict>
			<key>fileRef</key>
			<string>C1B2C3D4E5F6A1B2C3D4E704</string>
			<key>isa</key>
			<string>PBXBuildFile</string>
		</dict>
		<key>C1B2C3D4E5F6A1B2C3D4E704</key>
		<dict>
			<key>isa</key>
			<string>PBXFileReference</string>
			<key>lastKnownFileType</key>
			<string>sourcecode.swift</string>
			<key>path</key>
			<string>MockClipboardIO.swift</string>
			<key>sourceTree</key>
			<string>&lt;group&gt;</string>
		</dict>
		<key>C1B2C3D4E5F6A1B2C3D4E705</key>
		<dict>
			<key>fileRef</key>
			<string>C1B2C3D4E5F6A1B2C3D4E706</string>
			<key>isa</key>
			<string>PBXBuildFile</string>
		</dict>
		<key>C1B2C3D4E5F6A1B2C3D4E706</key>
		<dict>
			<key>isa</key>
			<string>PBXFileReference</string>
			<key>lastKnownFileType</key>
			<string>sourcecode.swift</string>
			<key>path</key>
			<string>ClipboardIOTests.swift</string>
			<key>sourceTree</key>
			<string>&lt;group&gt;</string>
		</dict>
		<key>C3407740FE944C19826D4452</key>
		<dict>
			<key>fileRef</key>
			<string>30C718724D2840629FB5F2E6</string>
			<key>isa</key>
			<string>PBXBuildFile</string>
		</dict>
		<key>C3E883F3253B4CF498F09BCF</key>
		<dict>
			<key>isa</key>
			<string>PBXFileReference</string>
			<key>lastKnownFileType</key>
			<string>sourcecode.swift</string>
			<key>path</key>
			<string>MicPermissionStatusTests.swift</string>
			<key>sourceTree</key>
			<string>&lt;group&gt;</string>
		</dict>
		<key>C41285D1EF9B490391216CCE</key>
		<dict>
			<key>isa</key>
			<string>PBXFileReference</string>
			<key>lastKnownFileType</key>
			<string>sourcecode.swift</string>
			<key>path</key>
			<string>STTResultTests.swift</string>
			<key>sourceTree</key>
			<string>&lt;group&gt;</string>
		</dict>
		<key>D0B461F9C4514EEABE70B615</key>
		<dict>
			<key>children</key>
			<array>
				<string>8B775F209C2749ADB5B2B05D</string>
				<string>C1B2C3D4E5F6A1B2C3D4E704</string>
				<string>3F6C27EA17A843428468EA72</string>
				<string>32EE0A96765C4E9CBE62461A</string>
				<string>D384B1BCE65E49E48A1C82DC</string>
				<string>A385F2D487694A21A6956075</string>
			</array>
			<key>isa</key>
			<string>PBXGroup</string>
			<key>path</key>
			<string>Mocks</string>
			<key>sourceTree</key>
			<string>&lt;group&gt;</string>
		</dict>
		<key>D112870FB8774447941623F8</key>
		<dict>
			<key>children</key>
			<array>
				<string>3B8D6DA6D0DF4619A9967F0B</string>
			</array>
			<key>isa</key>
			<string>PBXGroup</string>
			<key>path</key>
			<string>ViewLogic</string>
			<key>sourceTree</key>
			<string>&lt;group&gt;</string>
		</dict>
		<key>D1691A87231643209B7ED058</key>
		<dict>
			<key>containerPortal</key>
			<string>A1B2C3D4E5F6A1B2C3D4E699</string>
			<key>isa</key>
			<string>PBXContainerItemProxy</string>
			<key>proxyType</key>
			<string>1</string>
			<key>remoteGlobalIDString</key>
			<string>A1B2C3D4E5F6A1B2C3D4E5F9</string>
			<key>remoteInfo</key>
			<string>TalkFlow</string>
		</dict>
		<key>D28ADA38FFAF4149B8194C37</key>
		<dict>
			<key>fileRef</key>
			<string>2C7E613C62F44186867C6AF6</string>
			<key>isa</key>
			<string>PBXBuildFile</string>
		</dict>
		<key>D384B1BCE65E49E48A1C82DC</key>
		<dict>
			<key>isa</key>
			<string>PBXFileReference</string>
			<key>lastKnownFileType</key>
			<string>sourcecode.swift</string>
			<key>path</key>
			<string>MockONSSTSession.swift</string>
			<key>sourceTree</key>
			<string>&lt;group&gt;</string>
		</dict>
		<key>D54C8989C7854F939CDFAAB1</key>
		<dict>
			<key>fileRef</key>
			<string>FF70BE06CAC748438A5424E7</string>
			<key>isa</key>
			<string>PBXBuildFile</string>
		</dict>
		<key>D9EAA58F6237426F8790859D</key>
		<dict>
			<key>isa</key>
			<string>PBXFileReference</string>
			<key>lastKnownFileType</key>
			<string>sourcecode.swift</string>
			<key>path</key>
			<string>ADCLoaderIO.swift</string>
			<key>sourceTree</key>
			<string>&lt;group&gt;</string>
		</dict>
		<key>DAADD4E9D7114C38B27D5E4C</key>
		<dict>
			<key>isa</key>
			<string>PBXFileReference</string>
			<key>lastKnownFileType</key>
			<string>sourcecode.swift</string>
			<key>path</key>
			<string>RecordingStateTests.swift</string>
			<key>sourceTree</key>
			<string>&lt;group&gt;</string>
		</dict>
		<key>DD88553FEADD406D8ADF5A15</key>
		<dict>
			<key>children</key>
			<array>
				<string>D0B461F9C4514EEABE70B615</string>
				<string>3BAFE738F38F478E87C53BEC</string>
				<string>AA290EC17B624564AE6CE288</string>
				<string>40F4A5F6BED5447E9E9F74CF</string>
				<string>D112870FB8774447941623F8</string>
				<string>A16C53DDB18043A8ACCCFF09</string>
			</array>
			<key>isa</key>
			<string>PBXGroup</string>
			<key>path</key>
			<string>TalkFlowTests</string>
			<key>sourceTree</key>
			<string>&lt;group&gt;</string>
		</dict>
		<key>DFDFF8ACCFEF4C128EFD5D04</key>
		<dict>
			<key>fileRef</key>
			<string>8C12EE9D90054AD882AA998E</string>
			<key>isa</key>
			<string>PBXBuildFile</string>
		</dict>
		<key>E8789C1ECE5544F4B9DBFD54</key>
		<dict>
			<key>fileRef</key>
			<string>3B8D6DA6D0DF4619A9967F0B</string>
			<key>isa</key>
			<string>PBXBuildFile</string>
		</dict>
		<key>E9689FBD422D41A78BF0469F</key>
		<dict>
			<key>fileRef</key>
			<string>C41285D1EF9B490391216CCE</string>
			<key>isa</key>
			<string>PBXBuildFile</string>
		</dict>
		<key>F4EBA008C0B741899F90B669</key>
		<dict>
			<key>fileRef</key>
			<string>4D463DC015984901A446FF0A</string>
			<key>isa</key>
			<string>PBXBuildFile</string>
		</dict>
		<key>F4F1A140ABA4401682CF0EA5</key>
		<dict>
			<key>fileRef</key>
			<string>137117EBDE004092B2676C06</string>
			<key>isa</key>
			<string>PBXBuildFile</string>
		</dict>
		<key>F9FE837BBB93492C83D31911</key>
		<dict>
			<key>isa</key>
			<string>PBXFileReference</string>
			<key>lastKnownFileType</key>
			<string>sourcecode.swift</string>
			<key>path</key>
			<string>FilePathIO.swift</string>
			<key>sourceTree</key>
			<string>&lt;group&gt;</string>
		</dict>
		<key>FC47BBA3FF7D41069289DCA9</key>
		<dict>
			<key>isa</key>
			<string>PBXFileReference</string>
			<key>lastKnownFileType</key>
			<string>sourcecode.c.c</string>
			<key>path</key>
			<string>STT/onnxruntime/TalkFlowORTBridge.c</string>
			<key>sourceTree</key>
			<string>&lt;group&gt;</string>
		</dict>
		<key>FF190FF7E92F4BE28EF5A33E</key>
		<dict>
			<key>fileRef</key>
			<string>667BDCA79AB244BAA9058E4F</string>
			<key>isa</key>
			<string>PBXBuildFile</string>
		</dict>
		<key>FF70BE06CAC748438A5424E7</key>
		<dict>
			<key>isa</key>
			<string>PBXFileReference</string>
			<key>lastKnownFileType</key>
			<string>sourcecode.swift</string>
			<key>path</key>
			<string>STTResult.swift</string>
			<key>sourceTree</key>
			<string>&lt;group&gt;</string>
		</dict>
		<key>TF01TRSV0000000000000000000V</key>
		<dict>
			<key>isa</key>
			<string>PBXFileReference</string>
			<key>lastKnownFileType</key>
			<string>sourcecode.swift</string>
			<key>path</key>
			<string>TranscriptionSettingsView.swift</string>
			<key>sourceTree</key>
			<string>&lt;group&gt;</string>
		</dict>
		<key>TF01TRSV00000000000000000BF</key>
		<dict>
			<key>fileRef</key>
			<string>TF01TRSV0000000000000000000V</string>
			<key>isa</key>
			<string>PBXBuildFile</string>
		</dict>
	</dict>
	<key>rootObject</key>
	<string>A1B2C3D4E5F6A1B2C3D4E699</string>
</dict>
</plist>
