// !$*UTF8*$!
{
	archiveVersion = 1;
	classes = {
	};
	objectVersion = 56;
	objects = {

/* Begin PBXBuildFile section */
		A1B2C3D4E5F6A1B2C3D4E5F6 /* main.swift in Sources */ = {isa = PBXBuildFile; fileRef = A1B2C3D4E5F6A1B2C3D4E501; };
		A1B2C3D4E5F6A1B2C3D4E5F7 /* AppDelegate.swift in Sources */ = {isa = PBXBuildFile; fileRef = A1B2C3D4E5F6A1B2C3D4E502; };
		A1B2C3D4E5F6A1B2C3D4E506 /* PermissionListView.swift in Sources */ = {isa = PBXBuildFile; fileRef = A1B2C3D4E5F6A1B2C3D4E522; };
		A1B2C3D4E5F6A1B2C3D4E517 /* Permission.swift in Sources */ = {isa = PBXBuildFile; fileRef = A1B2C3D4E5F6A1B2C3D4E518; };
		A1B2C3D4E5F6A1B2C3D4E519 /* PermissionIO.swift in Sources */ = {isa = PBXBuildFile; fileRef = A1B2C3D4E5F6A1B2C3D4E520; };
		A1B2C3D4E5F6A1B2C3D4E523 /* CardView.swift in Sources */ = {isa = PBXBuildFile; fileRef = A1B2C3D4E5F6A1B2C3D4E524; };
		A1B2C3D4E5F6A1B2C3D4E528 /* Hotkey.swift in Sources */ = {isa = PBXBuildFile; fileRef = A1B2C3D4E5F6A1B2C3D4E525; };
		A1B2C3D4E5F6A1B2C3D4E529 /* HotkeyIO.swift in Sources */ = {isa = PBXBuildFile; fileRef = A1B2C3D4E5F6A1B2C3D4E526; };
		A1B2C3D4E5F6A1B2C3D4E530 /* HotkeySettingsView.swift in Sources */ = {isa = PBXBuildFile; fileRef = A1B2C3D4E5F6A1B2C3D4E527; };
		A1B2C3D4E5F6A1B2C3D4E505 /* Assets.xcassets in Resources */ = {isa = PBXBuildFile; fileRef = A1B2C3D4E5F6A1B2C3D4E504; };
		96F8A6ADCBC14712B92C76F4 /* MockPermissionIO.swift in Sources */ = {isa = PBXBuildFile; fileRef = 32EE0A96765C4E9CBE62461A; };
		054395ED9CA04554A29B3E9A /* XCTestCaseAsync.swift in Sources */ = {isa = PBXBuildFile; fileRef = 5052B690BA844E1DAF3260F0; };
		1D92190071AD432AAFF9F6EB /* MicPermissionStatusTests.swift in Sources */ = {isa = PBXBuildFile; fileRef = C3E883F3253B4CF498F09BCF; };
		B90FFCA35BB349DAB6B4B4CD /* MicPermissionUIStateTests.swift in Sources */ = {isa = PBXBuildFile; fileRef = 7440444015BC4FB69C8AD59E; };
		3BCFF370E3AF460A9012F153 /* MicPermissionIOTests.swift in Sources */ = {isa = PBXBuildFile; fileRef = 54EDD714AA8E485D90B99A53; };
		E8789C1ECE5544F4B9DBFD54 /* PermissionCheckViewTests.swift in Sources */ = {isa = PBXBuildFile; fileRef = 3B8D6DA6D0DF4619A9967F0B; };
		91910FAB2CAA48F7AA32EB57 /* RecordingState.swift in Sources */ = {isa = PBXBuildFile; fileRef = 6FD1B48199F9409787A57855 /* RecordingState.swift */; };
		524D73189BD14892AA939FF2 /* RecordingStateTests.swift in Sources */ = {isa = PBXBuildFile; fileRef = DAADD4E9D7114C38B27D5E4C /* RecordingStateTests.swift */; };
		4B7E8F3A1F294A3B92256977 /* FilePathIO.swift in Sources */ = {isa = PBXBuildFile; fileRef = F9FE837BBB93492C83D31911 /* FilePathIO.swift */; };
		035452780DE940D999EC7F8D /* MockFilePathIO.swift in Sources */ = {isa = PBXBuildFile; fileRef = 3F6C27EA17A843428468EA72 /* MockFilePathIO.swift */; };
		881A6C2713B74F3493EC76CE /* AudioRecorderIO.swift in Sources */ = {isa = PBXBuildFile; fileRef = 83BEB8DFC03F43E690DED845 /* AudioRecorderIO.swift */; };
		389214641CFD45F191E045CB /* MockAudioRecorderIO.swift in Sources */ = {isa = PBXBuildFile; fileRef = 8B775F209C2749ADB5B2B05D /* MockAudioRecorderIO.swift */; };
		A980ADF0FC2F486493EDA770 /* AudioRecorderIOTests.swift in Sources */ = {isa = PBXBuildFile; fileRef = 3986A974DC2E47BDB0792E31 /* AudioRecorderIOTests.swift */; };
		274BBF6D91DF4C7FB5C12F8A /* RecordingStatusView.swift in Sources */ = {isa = PBXBuildFile; fileRef = D183C8D3D64D4A05B5900C23 /* RecordingStatusView.swift */; };
		B83A495B3C5C4B299E84EEFE /* ChatMessage.swift in Sources */ = {isa = PBXBuildFile; fileRef = C66ADAAA54A14C0CBFA3DF33 /* ChatMessage.swift */; };
				A388EAF11DB743CB8286AEFB /* ChatMessageTests.swift in Sources */ = {isa = PBXBuildFile; fileRef = 3FD9A9BFDB3A45BF9050D74B /* ChatMessageTests.swift */; };
				A11D10447C054B478B79C9ED /* PromptConfig.swift in Sources */ = {isa = PBXBuildFile; fileRef = E5605FB6E21C4996811DC35B /* PromptConfig.swift */; };
				D0949B4B6E784845999ED80E /* PromptConfigTests.swift in Sources */ = {isa = PBXBuildFile; fileRef = B49FC8987AB746C1886D91B7 /* PromptConfigTests.swift */; };
		/* End PBXBuildFile section */

/* Begin PBXFileReference section */
		A1B2C3D4E5F6A1B2C3D4E5F8 /* TalkFlow.app */ = {isa = PBXFileReference; explicitFileType = wrapper.application; includeInIndex = 0; path = TalkFlow.app; sourceTree = BUILT_PRODUCTS_DIR; };
		A1B2C3D4E5F6A1B2C3D4E501 /* main.swift */ = {isa = PBXFileReference; lastKnownFileType = sourcecode.swift; path = main.swift; sourceTree = "<group>"; };
		A1B2C3D4E5F6A1B2C3D4E502 /* AppDelegate.swift */ = {isa = PBXFileReference; lastKnownFileType = sourcecode.swift; path = AppDelegate.swift; sourceTree = "<group>"; };
		A1B2C3D4E5F6A1B2C3D4E503 /* Info.plist */ = {isa = PBXFileReference; lastKnownFileType = text.plist.xml; path = Info.plist; sourceTree = "<group>"; };
		A1B2C3D4E5F6A1B2C3D4E504 /* Assets.xcassets */ = {isa = PBXFileReference; lastKnownFileType = folder.assetcatalog; path = Assets.xcassets; sourceTree = "<group>"; };
		A1B2C3D4E5F6A1B2C3D4E507 /* PermissionCheckView.swift */ = {isa = PBXFileReference; lastKnownFileType = sourcecode.swift; path = PermissionCheckView.swift; sourceTree = "<group>"; };
		A1B2C3D4E5F6A1B2C3D4E511 /* MicPermission.swift */ = {isa = PBXFileReference; lastKnownFileType = sourcecode.swift; path = MicPermission.swift; sourceTree = "<group>"; };
		A1B2C3D4E5F6A1B2C3D4E515 /* MicPermissionIO.swift */ = {isa = PBXFileReference; lastKnownFileType = sourcecode.swift; path = MicPermissionIO.swift; sourceTree = "<group>"; };
		A1B2C3D4E5F6A1B2C3D4E522 /* PermissionListView.swift */ = {isa = PBXFileReference; lastKnownFileType = sourcecode.swift; path = PermissionListView.swift; sourceTree = "<group>"; };
		A1B2C3D4E5F6A1B2C3D4E518 /* Permission.swift */ = {isa = PBXFileReference; lastKnownFileType = sourcecode.swift; path = Permission.swift; sourceTree = "<group>"; };
		A1B2C3D4E5F6A1B2C3D4E520 /* PermissionIO.swift */ = {isa = PBXFileReference; lastKnownFileType = sourcecode.swift; path = PermissionIO.swift; sourceTree = "<group>"; };
		A1B2C3D4E5F6A1B2C3D4E524 /* CardView.swift */ = {isa = PBXFileReference; lastKnownFileType = sourcecode.swift; path = CardView.swift; sourceTree = "<group>"; };
		A1B2C3D4E5F6A1B2C3D4E525 /* Hotkey.swift */ = {isa = PBXFileReference; lastKnownFileType = sourcecode.swift; path = Hotkey.swift; sourceTree = "<group>"; };
		A1B2C3D4E5F6A1B2C3D4E526 /* HotkeyIO.swift */ = {isa = PBXFileReference; lastKnownFileType = sourcecode.swift; path = HotkeyIO.swift; sourceTree = "<group>"; };
		A1B2C3D4E5F6A1B2C3D4E527 /* HotkeySettingsView.swift */ = {isa = PBXFileReference; lastKnownFileType = sourcecode.swift; path = HotkeySettingsView.swift; sourceTree = "<group>"; };
		4C044E5EE95348CBACF3159C /* TalkFlowTests.xctest */ = {isa = PBXFileReference; explicitFileType = wrapper.cfbundle; includeInIndex = 0; path = TalkFlowTests.xctest; sourceTree = BUILT_PRODUCTS_DIR; };
		32EE0A96765C4E9CBE62461A /* MockPermissionIO.swift */ = {isa = PBXFileReference; lastKnownFileType = sourcecode.swift; path = MockPermissionIO.swift; sourceTree = "<group>"; };
		5052B690BA844E1DAF3260F0 /* XCTestCaseAsync.swift */ = {isa = PBXFileReference; lastKnownFileType = sourcecode.swift; path = XCTestCaseAsync.swift; sourceTree = "<group>"; };
		C3E883F3253B4CF498F09BCF /* MicPermissionStatusTests.swift */ = {isa = PBXFileReference; lastKnownFileType = sourcecode.swift; path = MicPermissionStatusTests.swift; sourceTree = "<group>"; };
		7440444015BC4FB69C8AD59E /* MicPermissionUIStateTests.swift */ = {isa = PBXFileReference; lastKnownFileType = sourcecode.swift; path = MicPermissionUIStateTests.swift; sourceTree = "<group>"; };
		54EDD714AA8E485D90B99A53 /* MicPermissionIOTests.swift */ = {isa = PBXFileReference; lastKnownFileType = sourcecode.swift; path = MicPermissionIOTests.swift; sourceTree = "<group>"; };
		3B8D6DA6D0DF4619A9967F0B /* PermissionCheckViewTests.swift */ = {isa = PBXFileReference; lastKnownFileType = sourcecode.swift; path = PermissionCheckViewTests.swift; sourceTree = "<group>"; };
		6FD1B48199F9409787A57855 /* RecordingState.swift */ = {isa = PBXFileReference; lastKnownFileType = sourcecode.swift; path = RecordingState.swift; sourceTree = "<group>"; };
		DAADD4E9D7114C38B27D5E4C /* RecordingStateTests.swift */ = {isa = PBXFileReference; lastKnownFileType = sourcecode.swift; path = RecordingStateTests.swift; sourceTree = "<group>"; };
		F9FE837BBB93492C83D31911 /* FilePathIO.swift */ = {isa = PBXFileReference; lastKnownFileType = sourcecode.swift; path = FilePathIO.swift; sourceTree = "<group>"; };
		3F6C27EA17A843428468EA72 /* MockFilePathIO.swift */ = {isa = PBXFileReference; lastKnownFileType = sourcecode.swift; path = MockFilePathIO.swift; sourceTree = "<group>"; };
		83BEB8DFC03F43E690DED845 /* AudioRecorderIO.swift */ = {isa = PBXFileReference; lastKnownFileType = sourcecode.swift; path = AudioRecorderIO.swift; sourceTree = "<group>"; };
		8B775F209C2749ADB5B2B05D /* MockAudioRecorderIO.swift */ = {isa = PBXFileReference; lastKnownFileType = sourcecode.swift; path = MockAudioRecorderIO.swift; sourceTree = "<group>"; };
		3986A974DC2E47BDB0792E31 /* AudioRecorderIOTests.swift */ = {isa = PBXFileReference; lastKnownFileType = sourcecode.swift; path = AudioRecorderIOTests.swift; sourceTree = "<group>"; };
		D183C8D3D64D4A05B5900C23 /* RecordingStatusView.swift */ = {isa = PBXFileReference; lastKnownFileType = sourcecode.swift; path = RecordingStatusView.swift; sourceTree = "<group>"; };
		C66ADAAA54A14C0CBFA3DF33 /* ChatMessage.swift */ = {isa = PBXFileReference; lastKnownFileType = sourcecode.swift; path = ChatMessage.swift; sourceTree = "<group>"; };
				3FD9A9BFDB3A45BF9050D74B /* ChatMessageTests.swift */ = {isa = PBXFileReference; lastKnownFileType = sourcecode.swift; path = ChatMessageTests.swift; sourceTree = "<group>"; };
				E5605FB6E21C4996811DC35B /* PromptConfig.swift */ = {isa = PBXFileReference; lastKnownFileType = sourcecode.swift; path = PromptConfig.swift; sourceTree = "<group>"; };
				B49FC8987AB746C1886D91B7 /* PromptConfigTests.swift */ = {isa = PBXFileReference; lastKnownFileType = sourcecode.swift; path = PromptConfigTests.swift; sourceTree = "<group>"; };
		/* End PBXFileReference section */

/* Begin PBXGroup section */
		A1B2C3D4E5F6A1B2C3D4E500 /* TalkFlow */ = {
			isa = PBXGroup;
			children = (
				A1B2C3D4E5F6A1B2C3D4E501 /* main.swift */,
				A1B2C3D4E5F6A1B2C3D4E502 /* AppDelegate.swift */,
				A1B2C3D4E5F6A1B2C3D4E516 /* IO */,
				A1B2C3D4E5F6A1B2C3D4E512 /* Utils */,
				A1B2C3D4E5F6A1B2C3D4E508 /* Views */,
				A1B2C3D4E5F6A1B2C3D4E504 /* Assets.xcassets */,
				A1B2C3D4E5F6A1B2C3D4E503 /* Info.plist */,
			);
			path = TalkFlow;
			sourceTree = "<group>";
		};
		A1B2C3D4E5F6A1B2C3D4E516 /* IO */ = {
			isa = PBXGroup;
			children = (
				83BEB8DFC03F43E690DED845 /* AudioRecorderIO.swift */,
				F9FE837BBB93492C83D31911 /* FilePathIO.swift */,
				A1B2C3D4E5F6A1B2C3D4E520 /* PermissionIO.swift */,
				A1B2C3D4E5F6A1B2C3D4E526 /* HotkeyIO.swift */,
			);
			path = IO;
			sourceTree = "<group>";
		};
		A1B2C3D4E5F6A1B2C3D4E512 /* Utils */ = {
			isa = PBXGroup;
			children = (
				6FD1B48199F9409787A57855 /* RecordingState.swift */,
				A1B2C3D4E5F6A1B2C3D4E518 /* Permission.swift */,
				A1B2C3D4E5F6A1B2C3D4E525 /* Hotkey.swift */,
				E5605FB6E21C4996811DC35B /* PromptConfig.swift */,
				C66ADAAA54A14C0CBFA3DF33 /* ChatMessage.swift */,
			);
			path = Utils;
			sourceTree = "<group>";
		};
		A1B2C3D4E5F6A1B2C3D4E508 /* Views */ = {
			isa = PBXGroup;
			children = (
				D183C8D3D64D4A05B5900C23 /* RecordingStatusView.swift */,
				A1B2C3D4E5F6A1B2C3D4E524 /* CardView.swift */,
				A1B2C3D4E5F6A1B2C3D4E522 /* PermissionListView.swift */,
				A1B2C3D4E5F6A1B2C3D4E527 /* HotkeySettingsView.swift */,
			);
			path = Views;
			sourceTree = "<group>";
		};
		A1B2C3D4E5F6A1B2C3D4E509 /* = */ = {
			isa = PBXGroup;
			children = (
				A1B2C3D4E5F6A1B2C3D4E500 /* TalkFlow */,
				DD88553FEADD406D8ADF5A15 /* TalkFlowTests */,
				A1B2C3D4E5F6A1B2C3D4E510 /* Products */,
			);
			sourceTree = "<group>";
		};
		A1B2C3D4E5F6A1B2C3D4E510 /* Products */ = {
			isa = PBXGroup;
			children = (
				A1B2C3D4E5F6A1B2C3D4E5F8 /* TalkFlow.app */,
				4C044E5EE95348CBACF3159C /* TalkFlowTests.xctest */,
			);
			name = Products;
			sourceTree = "<group>";
		};
		DD88553FEADD406D8ADF5A15 /* TalkFlowTests */ = {
			isa = PBXGroup;
			children = (
				D0B461F9C4514EEABE70B615 /* Mocks */,
				3BAFE738F38F478E87C53BEC /* Helpers */,
				AA290EC17B624564AE6CE288 /* Pure */,
				40F4A5F6BED5447E9E9F74CF /* IO */,
				D112870FB8774447941623F8 /* ViewLogic */,
			);
			path = TalkFlowTests;
			sourceTree = "<group>";
		};
		D0B461F9C4514EEABE70B615 /* Mocks */ = {
			isa = PBXGroup;
			children = (
				8B775F209C2749ADB5B2B05D /* MockAudioRecorderIO.swift */,
				3F6C27EA17A843428468EA72 /* MockFilePathIO.swift */,
				32EE0A96765C4E9CBE62461A /* MockPermissionIO.swift */,
			);
			path = Mocks;
			sourceTree = "<group>";
		};
		3BAFE738F38F478E87C53BEC /* Helpers */ = {
			isa = PBXGroup;
			children = (
				5052B690BA844E1DAF3260F0 /* XCTestCaseAsync.swift */,
			);
			path = Helpers;
			sourceTree = "<group>";
		};
		AA290EC17B624564AE6CE288 /* Pure */ = {
			isa = PBXGroup;
			children = (
				DAADD4E9D7114C38B27D5E4C /* RecordingStateTests.swift */,
				C3E883F3253B4CF498F09BCF /* MicPermissionStatusTests.swift */,
				7440444015BC4FB69C8AD59E /* MicPermissionUIStateTests.swift */,
				B49FC8987AB746C1886D91B7 /* PromptConfigTests.swift */,
				3FD9A9BFDB3A45BF9050D74B /* ChatMessageTests.swift */,
			);
			path = Pure;
			sourceTree = "<group>";
		};
		40F4A5F6BED5447E9E9F74CF /* IO */ = {
			isa = PBXGroup;
			children = (
				3986A974DC2E47BDB0792E31 /* AudioRecorderIOTests.swift */,
				54EDD714AA8E485D90B99A53 /* MicPermissionIOTests.swift */,
			);
			path = IO;
			sourceTree = "<group>";
		};
		D112870FB8774447941623F8 /* ViewLogic */ = {
			isa = PBXGroup;
			children = (
				3B8D6DA6D0DF4619A9967F0B /* PermissionCheckViewTests.swift */,
			);
			path = ViewLogic;
			sourceTree = "<group>";
		};
/* End PBXGroup section */

/* Begin PBXNativeTarget section */
		A1B2C3D4E5F6A1B2C3D4E5F9 /* TalkFlow */ = {
			isa = PBXNativeTarget;
			buildConfigurationList = A1B2C3D4E5F6A1B2C3D4E600 /* Build configuration list for PBXNativeTarget "TalkFlow" */;
			buildPhases = (
				A1B2C3D4E5F6A1B2C3D4E601 /* Sources */,
				A1B2C3D4E5F6A1B2C3D4E602 /* Resources */,
			);
			buildRules = (
			);
			dependencies = (
			);
			name = TalkFlow;
			productName = TalkFlow;
			productReference = A1B2C3D4E5F6A1B2C3D4E5F8 /* TalkFlow.app */;
			productType = "com.apple.product-type.application";
		};
		63838BEF40924695924AD8D9 /* TalkFlowTests */ = {
			isa = PBXNativeTarget;
			buildConfigurationList = 73C01B62F9A644A6A3BF8D04 /* Build configuration list for PBXNativeTarget "TalkFlowTests" */;
			buildPhases = (
				2047A542841C4FD6A08BBEE4 /* Sources */,
			);
			buildRules = (
			);
			dependencies = (
				049E91C7862A46A9BD892FDC /* PBXTargetDependency */,
			);
			name = TalkFlowTests;
			productName = TalkFlowTests;
			productReference = 4C044E5EE95348CBACF3159C /* TalkFlowTests.xctest */;
			productType = "com.apple.product-type.bundle.unit-test";
		};
/* End PBXNativeTarget section */

/* Begin PBXTargetDependency section */
		049E91C7862A46A9BD892FDC /* PBXTargetDependency */ = {
			isa = PBXTargetDependency;
			target = A1B2C3D4E5F6A1B2C3D4E5F9 /* TalkFlow */;
			targetProxy = D1691A87231643209B7ED058 /* PBXContainerItemProxy */;
		};
/* End PBXTargetDependency section */

/* Begin PBXContainerItemProxy section */
		D1691A87231643209B7ED058 /* PBXContainerItemProxy */ = {
			isa = PBXContainerItemProxy;
			containerPortal = A1B2C3D4E5F6A1B2C3D4E699 /* Project object */;
			proxyType = 1;
			remoteGlobalIDString = A1B2C3D4E5F6A1B2C3D4E5F9;
			remoteInfo = TalkFlow;
		};
/* End PBXContainerItemProxy section */

/* Begin PBXProject section */
		A1B2C3D4E5F6A1B2C3D4E699 /* Project object */ = {
			isa = PBXProject;
			attributes = {
				BuildIndependentTargetsInParallel = 1;
				LastSwiftUpdateCheck = 1600;
				LastUpgradeCheck = 1600;
			};
			buildConfigurationList = A1B2C3D4E5F6A1B2C3D4E700 /* Build configuration list for PBXProject "TalkFlow" */;
			compatibilityVersion = "Xcode 14.0";
			developmentRegion = en;
			hasScannedForEncodings = 0;
			knownRegions = (
				en,
				Base,
			);
			mainGroup = A1B2C3D4E5F6A1B2C3D4E509 /* = */;
			productRefGroup = A1B2C3D4E5F6A1B2C3D4E510 /* Products */;
			projectDirPath = "";
			projectRoot = "";
			targets = (
				A1B2C3D4E5F6A1B2C3D4E5F9 /* TalkFlow */,
				63838BEF40924695924AD8D9 /* TalkFlowTests */,
			);
		};
/* End PBXProject section */

/* Begin PBXSourcesBuildPhase section */
		A1B2C3D4E5F6A1B2C3D4E601 /* Sources */ = {
			isa = PBXSourcesBuildPhase;
			buildActionMask = 2147483647;
			files = (
				274BBF6D91DF4C7FB5C12F8A /* RecordingStatusView.swift in Sources */,
				881A6C2713B74F3493EC76CE /* AudioRecorderIO.swift in Sources */,
				4B7E8F3A1F294A3B92256977 /* FilePathIO.swift in Sources */,
				91910FAB2CAA48F7AA32EB57 /* RecordingState.swift in Sources */,
				B83A495B3C5C4B299E84EEFE /* ChatMessage.swift in Sources */,
				A11D10447C054B478B79C9ED /* PromptConfig.swift in Sources */,
				A1B2C3D4E5F6A1B2C3D4E5F6 /* main.swift in Sources */,
				A1B2C3D4E5F6A1B2C3D4E5F7 /* AppDelegate.swift in Sources */,
				A1B2C3D4E5F6A1B2C3D4E506 /* PermissionListView.swift in Sources */,
				A1B2C3D4E5F6A1B2C3D4E517 /* Permission.swift in Sources */,
				A1B2C3D4E5F6A1B2C3D4E519 /* PermissionIO.swift in Sources */,
				A1B2C3D4E5F6A1B2C3D4E523 /* CardView.swift in Sources */,
				A1B2C3D4E5F6A1B2C3D4E528 /* Hotkey.swift in Sources */,
				A1B2C3D4E5F6A1B2C3D4E529 /* HotkeyIO.swift in Sources */,
				A1B2C3D4E5F6A1B2C3D4E530 /* HotkeySettingsView.swift in Sources */,
			);
			runOnlyForDeploymentPostprocessing = 0;
		};
		2047A542841C4FD6A08BBEE4 /* Sources */ = {
			isa = PBXSourcesBuildPhase;
			buildActionMask = 2147483647;
			files = (
				A980ADF0FC2F486493EDA770 /* AudioRecorderIOTests.swift in Sources */,
				389214641CFD45F191E045CB /* MockAudioRecorderIO.swift in Sources */,
				035452780DE940D999EC7F8D /* MockFilePathIO.swift in Sources */,
				524D73189BD14892AA939FF2 /* RecordingStateTests.swift in Sources */,
				96F8A6ADCBC14712B92C76F4 /* MockPermissionIO.swift in Sources */,
				054395ED9CA04554A29B3E9A /* XCTestCaseAsync.swift in Sources */,
				1D92190071AD432AAFF9F6EB /* MicPermissionStatusTests.swift in Sources */,
				B90FFCA35BB349DAB6B4B4CD /* MicPermissionUIStateTests.swift in Sources */,
				3BCFF370E3AF460A9012F153 /* MicPermissionIOTests.swift in Sources */,
				A388EAF11DB743CB8286AEFB /* ChatMessageTests.swift in Sources */,
				D0949B4B6E784845999ED80E /* PromptConfigTests.swift in Sources */,
				E8789C1ECE5544F4B9DBFD54 /* PermissionCheckViewTests.swift in Sources */,
			);
			runOnlyForDeploymentPostprocessing = 0;
		};
/* End PBXSourcesBuildPhase section */

/* Begin PBXResourcesBuildPhase section */
		A1B2C3D4E5F6A1B2C3D4E602 /* Resources */ = {
			isa = PBXResourcesBuildPhase;
			buildActionMask = 2147483647;
			files = (
				A1B2C3D4E5F6A1B2C3D4E505 /* Assets.xcassets in Resources */,
			);
			runOnlyForDeploymentPostprocessing = 0;
		};
/* End PBXResourcesBuildPhase section */

/* Begin XCBuildConfiguration section */
		A1B2C3D4E5F6A1B2C3D4E701 /* Debug */ = {
			isa = XCBuildConfiguration;
			buildSettings = {
				ALWAYS_SEARCH_USER_PATHS = NO;
				CLANG_ANALYZER_NONNULL = YES;
				CLANG_CXX_LANGUAGE_STANDARD = "gnu++20";
				CLANG_ENABLE_MODULES = YES;
				CLANG_ENABLE_OBJC_ARC = YES;
				COPY_PHASE_STRIP = NO;
				DEBUG_INFORMATION_FORMAT = dwarf;
				ENABLE_STRICT_OBJC_MSGSEND = YES;
				ENABLE_TESTABILITY = YES;
				GCC_DYNAMIC_NO_PIC = NO;
				GCC_OPTIMIZATION_LEVEL = 0;
				GCC_PREPROCESSOR_DEFINITIONS = (
					"DEBUG=1",
					"$(inherited)",
				);
				MACOSX_DEPLOYMENT_TARGET = 14.0;
				MTL_ENABLE_DEBUG_INFO = INCLUDE_SOURCE;
				ONLY_ACTIVE_ARCH = YES;
				SDKROOT = macosx;
				SWIFT_ACTIVE_COMPILATION_CONDITIONS = DEBUG;
				SWIFT_OPTIMIZATION_LEVEL = "-Onone";
			};
			name = Debug;
		};
		A1B2C3D4E5F6A1B2C3D4E702 /* Release */ = {
			isa = XCBuildConfiguration;
			buildSettings = {
				ALWAYS_SEARCH_USER_PATHS = NO;
				CLANG_ANALYZER_NONNULL = YES;
				CLANG_CXX_LANGUAGE_STANDARD = "gnu++20";
				CLANG_ENABLE_MODULES = YES;
				CLANG_ENABLE_OBJC_ARC = YES;
				COPY_PHASE_STRIP = NO;
				DEBUG_INFORMATION_FORMAT = "dwarf-with-dsym";
				ENABLE_NS_ASSERTIONS = NO;
				ENABLE_STRICT_OBJC_MSGSEND = YES;
				GCC_OPTIMIZATION_LEVEL = s;
				MACOSX_DEPLOYMENT_TARGET = 14.0;
				MTL_ENABLE_DEBUG_INFO = NO;
				SDKROOT = macosx;
				SWIFT_COMPILATION_MODE = wholemodule;
				SWIFT_OPTIMIZATION_LEVEL = "-O";
			};
			name = Release;
		};
		A1B2C3D4E5F6A1B2C3D4E703 /* Debug */ = {
			isa = XCBuildConfiguration;
			buildSettings = {
				ASSETCATALOG_COMPILER_APPICON_NAME = AppIcon;
				CODE_SIGN_STYLE = Automatic;
				COMBINE_HIDPI_IMAGES = YES;
				CURRENT_PROJECT_VERSION = 1;
				ENABLE_HARDENED_RUNTIME = YES;
				GENERATE_INFOPLIST_FILE = YES;
				INFOPLIST_FILE = TalkFlow/Info.plist;
				INFOPLIST_KEY_NSHumanReadableCopyright = "";
				LD_RUNPATH_SEARCH_PATHS = (
					"$(inherited)",
					"@executable_path/../Frameworks",
				);
				MARKETING_VERSION = 1.0;
				PRODUCT_BUNDLE_IDENTIFIER = com.talkflow.app;
				PRODUCT_NAME = TalkFlow;
				SWIFT_EMIT_LOC_STRINGS = YES;
				SWIFT_VERSION = 5.0;
			};
			name = Debug;
		};
		A1B2C3D4E5F6A1B2C3D4E704 /* Release */ = {
			isa = XCBuildConfiguration;
			buildSettings = {
				ASSETCATALOG_COMPILER_APPICON_NAME = AppIcon;
				CODE_SIGN_STYLE = Automatic;
				COMBINE_HIDPI_IMAGES = YES;
				CURRENT_PROJECT_VERSION = 1;
				ENABLE_HARDENED_RUNTIME = YES;
				GENERATE_INFOPLIST_FILE = YES;
				INFOPLIST_FILE = TalkFlow/Info.plist;
				INFOPLIST_KEY_NSHumanReadableCopyright = "";
				LD_RUNPATH_SEARCH_PATHS = (
					"$(inherited)",
					"@executable_path/../Frameworks",
				);
				MARKETING_VERSION = 1.0;
				PRODUCT_BUNDLE_IDENTIFIER = com.talkflow.app;
				PRODUCT_NAME = TalkFlow;
				SWIFT_EMIT_LOC_STRINGS = YES;
				SWIFT_VERSION = 5.0;
			};
			name = Release;
		};
		4B21E9491CED4C41B47209E1 /* Debug */ = {
			isa = XCBuildConfiguration;
			buildSettings = {
				CODE_SIGN_STYLE = Automatic;
				CURRENT_PROJECT_VERSION = 1;
				GENERATE_INFOPLIST_FILE = YES;
				MACOSX_DEPLOYMENT_TARGET = 14.0;
				PRODUCT_BUNDLE_IDENTIFIER = com.talkflow.tests;
				PRODUCT_NAME = TalkFlowTests;
				SWIFT_VERSION = 5.0;
				BUNDLE_LOADER = "$(TEST_HOST)";
				TEST_HOST = "$(BUILT_PRODUCTS_DIR)/TalkFlow.app/Contents/MacOS/TalkFlow";
			};
			name = Debug;
		};
		27D8459A7081442B83B1DEDC /* Release */ = {
			isa = XCBuildConfiguration;
			buildSettings = {
				BUNDLE_LOADER = "$(TEST_HOST)";
				CODE_SIGN_STYLE = Automatic;
				CURRENT_PROJECT_VERSION = 1;
				GENERATE_INFOPLIST_FILE = YES;
				MACOSX_DEPLOYMENT_TARGET = 14.0;
				PRODUCT_BUNDLE_IDENTIFIER = com.talkflow.tests;
				PRODUCT_NAME = TalkFlowTests;
				SWIFT_VERSION = 5.0;
				TEST_HOST = "$(BUILT_PRODUCTS_DIR)/TalkFlow.app/Contents/MacOS/TalkFlow";
			};
			name = Release;
		};
/* End XCBuildConfiguration section */

/* Begin XCConfigurationList section */
		A1B2C3D4E5F6A1B2C3D4E600 /* Build configuration list for PBXNativeTarget "TalkFlow" */ = {
			isa = XCConfigurationList;
			buildConfigurations = (
				A1B2C3D4E5F6A1B2C3D4E703 /* Debug */,
				A1B2C3D4E5F6A1B2C3D4E704 /* Release */,
			);
			defaultConfigurationIsVisible = 0;
			defaultConfigurationName = Release;
		};
		A1B2C3D4E5F6A1B2C3D4E700 /* Build configuration list for PBXProject "TalkFlow" */ = {
			isa = XCConfigurationList;
			buildConfigurations = (
				A1B2C3D4E5F6A1B2C3D4E701 /* Debug */,
				A1B2C3D4E5F6A1B2C3D4E702 /* Release */,
			);
			defaultConfigurationIsVisible = 0;
			defaultConfigurationName = Release;
		};
		73C01B62F9A644A6A3BF8D04 /* Build configuration list for PBXNativeTarget "TalkFlowTests" */ = {
			isa = XCConfigurationList;
			buildConfigurations = (
				4B21E9491CED4C41B47209E1 /* Debug */,
				27D8459A7081442B83B1DEDC /* Release */,
			);
			defaultConfigurationIsVisible = 0;
			defaultConfigurationName = Release;
		};
/* End XCConfigurationList section */
	};
	rootObject = A1B2C3D4E5F6A1B2C3D4E699 /* Project object */;
}
